// !$*UTF8*$!
{
	archiveVersion = 1;
	classes = {
	};
	objectVersion = 55;
	objects = {

/* Begin PBXBuildFile section */
		BF00E17527EB63F00051F8F0 /* FeedImageDataCache.swift in Sources */ = {isa = PBXBuildFile; fileRef = BF00E17427EB63F00051F8F0 /* FeedImageDataCache.swift */; };
		BF1CD90627E73FB900B409DA /* FeedCache.swift in Sources */ = {isa = PBXBuildFile; fileRef = BF1CD90527E73FB900B409DA /* FeedCache.swift */; };
		BF2915172781927400370C05 /* LoadFeedFromRemoteUseCaseTests.swift in Sources */ = {isa = PBXBuildFile; fileRef = BF2915162781927400370C05 /* LoadFeedFromRemoteUseCaseTests.swift */; };
		BF2915182781927400370C05 /* EssentialFeed.framework in Frameworks */ = {isa = PBXBuildFile; fileRef = BF2915022781924C00370C05 /* EssentialFeed.framework */; };
		BF2915252781928400370C05 /* EssentialFeedAPIEndToEndTests.swift in Sources */ = {isa = PBXBuildFile; fileRef = BF2915242781928400370C05 /* EssentialFeedAPIEndToEndTests.swift */; };
		BF2915262781928400370C05 /* EssentialFeed.framework in Frameworks */ = {isa = PBXBuildFile; fileRef = BF2915022781924C00370C05 /* EssentialFeed.framework */; };
		BF29152D278192D000370C05 /* FeedImage.swift in Sources */ = {isa = PBXBuildFile; fileRef = BF29152C278192D000370C05 /* FeedImage.swift */; };
		BF29152F278192D800370C05 /* FeedLoader.swift in Sources */ = {isa = PBXBuildFile; fileRef = BF29152E278192D800370C05 /* FeedLoader.swift */; };
		BF291531278192E500370C05 /* RemoteFeedLoader.swift in Sources */ = {isa = PBXBuildFile; fileRef = BF291530278192E500370C05 /* RemoteFeedLoader.swift */; };
		BF2915332781931400370C05 /* FeedItemsMapper.swift in Sources */ = {isa = PBXBuildFile; fileRef = BF2915322781931400370C05 /* FeedItemsMapper.swift */; };
		BF2915352781939700370C05 /* HTTPClient.swift in Sources */ = {isa = PBXBuildFile; fileRef = BF2915342781939700370C05 /* HTTPClient.swift */; };
		BF291537278193A500370C05 /* URLSessionHTTPClient.swift in Sources */ = {isa = PBXBuildFile; fileRef = BF291536278193A500370C05 /* URLSessionHTTPClient.swift */; };
		BF2915392781941900370C05 /* URLSessionHTTPClientTests.swift in Sources */ = {isa = PBXBuildFile; fileRef = BF2915382781941900370C05 /* URLSessionHTTPClientTests.swift */; };
		BF29153C2781943700370C05 /* XCTestCase+MemoryLeakTracking.swift in Sources */ = {isa = PBXBuildFile; fileRef = BF29153B2781943700370C05 /* XCTestCase+MemoryLeakTracking.swift */; };
		BF29153D2781943F00370C05 /* XCTestCase+MemoryLeakTracking.swift in Sources */ = {isa = PBXBuildFile; fileRef = BF29153B2781943700370C05 /* XCTestCase+MemoryLeakTracking.swift */; };
		BF33FD7F2857847800610CA3 /* FeedSnapshotTests.swift in Sources */ = {isa = PBXBuildFile; fileRef = BF33FD7E2857847800610CA3 /* FeedSnapshotTests.swift */; };
		BF33FD8528581CE000610CA3 /* UIImage+TestHelpers.swift in Sources */ = {isa = PBXBuildFile; fileRef = BF33FD8428581CE000610CA3 /* UIImage+TestHelpers.swift */; };
		BF33FD8C28581E9400610CA3 /* UITableView+HeaderSizing.swift in Sources */ = {isa = PBXBuildFile; fileRef = BF33FD8B28581E9400610CA3 /* UITableView+HeaderSizing.swift */; };
		BF4859AD27B1703A00142C7F /* ValidateFeedCacheUseCaseTests.swift in Sources */ = {isa = PBXBuildFile; fileRef = BF4859AC27B1703A00142C7F /* ValidateFeedCacheUseCaseTests.swift */; };
		BF4859AF27B1741D00142C7F /* FeedCacheTestHelpers.swift in Sources */ = {isa = PBXBuildFile; fileRef = BF4859AE27B1741D00142C7F /* FeedCacheTestHelpers.swift */; };
		BF4859B127B174CA00142C7F /* SharedTestHelpers.swift in Sources */ = {isa = PBXBuildFile; fileRef = BF4859B027B174CA00142C7F /* SharedTestHelpers.swift */; };
		BF4859B327B2A34B00142C7F /* FeedCachePolicy.swift in Sources */ = {isa = PBXBuildFile; fileRef = BF4859B227B2A34B00142C7F /* FeedCachePolicy.swift */; };
		BF5C7E1927AFB55B0074C9DE /* LoadFeedFromCacheUseCaseTests.swift in Sources */ = {isa = PBXBuildFile; fileRef = BF5C7E1827AFB55B0074C9DE /* LoadFeedFromCacheUseCaseTests.swift */; };
		BF5C7E1C27AFB6D10074C9DE /* FeedStoreSpy.swift in Sources */ = {isa = PBXBuildFile; fileRef = BF5C7E1B27AFB6D10074C9DE /* FeedStoreSpy.swift */; };
		BF78E3AE27CF9857007B43BD /* Feed.storyboard in Resources */ = {isa = PBXBuildFile; fileRef = BF78E3AD27CF9857007B43BD /* Feed.storyboard */; };
		BF78E3B027CF9916007B43BD /* Feed.xcassets in Resources */ = {isa = PBXBuildFile; fileRef = BF78E3AF27CF9916007B43BD /* Feed.xcassets */; };
		BF78E3B227CFAC86007B43BD /* UITableView+Dequeueing.swift in Sources */ = {isa = PBXBuildFile; fileRef = BF78E3B127CFAC86007B43BD /* UITableView+Dequeueing.swift */; };
		BF78E3B427CFAD96007B43BD /* UIImageView+Animations.swift in Sources */ = {isa = PBXBuildFile; fileRef = BF78E3B327CFAD96007B43BD /* UIImageView+Animations.swift */; };
		BF842DB927C105980041C95F /* EssentialFeediOS.framework in Frameworks */ = {isa = PBXBuildFile; fileRef = BF842DAF27C105970041C95F /* EssentialFeediOS.framework */; };
		BF842DCB27C21A130041C95F /* EssentialFeed.framework in Frameworks */ = {isa = PBXBuildFile; fileRef = BF2915022781924C00370C05 /* EssentialFeed.framework */; platformFilter = ios; };
		BF842DCC27C21A130041C95F /* EssentialFeed.framework in Embed Frameworks */ = {isa = PBXBuildFile; fileRef = BF2915022781924C00370C05 /* EssentialFeed.framework */; platformFilter = ios; settings = {ATTRIBUTES = (CodeSignOnCopy, RemoveHeadersOnCopy, ); }; };
		BF842DD027C21AF90041C95F /* XCTestCase+MemoryLeakTracking.swift in Sources */ = {isa = PBXBuildFile; fileRef = BF29153B2781943700370C05 /* XCTestCase+MemoryLeakTracking.swift */; };
		BF842DD227C225270041C95F /* FeedViewController.swift in Sources */ = {isa = PBXBuildFile; fileRef = BF842DD127C225270041C95F /* FeedViewController.swift */; };
		BF842DD427C3A21D0041C95F /* FeedImageCell.swift in Sources */ = {isa = PBXBuildFile; fileRef = BF842DD327C3A21D0041C95F /* FeedImageCell.swift */; };
		BF842DD627C3C5840041C95F /* UIView+Shimmering.swift in Sources */ = {isa = PBXBuildFile; fileRef = BF842DD527C3C5840041C95F /* UIView+Shimmering.swift */; };
		BF99633F27B8E91600787A59 /* FeedStoreSpecs.swift in Sources */ = {isa = PBXBuildFile; fileRef = BF99633E27B8E91600787A59 /* FeedStoreSpecs.swift */; };
		BF99634127B8E9A600787A59 /* XCTestCase+FeedStoreSpecs.swift in Sources */ = {isa = PBXBuildFile; fileRef = BF99634027B8E9A600787A59 /* XCTestCase+FeedStoreSpecs.swift */; };
		BF99634527B93ECC00787A59 /* CoreDataFeedStoreTests.swift in Sources */ = {isa = PBXBuildFile; fileRef = BF99634427B93ECC00787A59 /* CoreDataFeedStoreTests.swift */; };
		BF99634727B93F4F00787A59 /* CoreDataFeedStore.swift in Sources */ = {isa = PBXBuildFile; fileRef = BF99634627B93F4F00787A59 /* CoreDataFeedStore.swift */; };
		BF99634A27B9413B00787A59 /* FeedStore.xcdatamodeld in Sources */ = {isa = PBXBuildFile; fileRef = BF99634827B9413B00787A59 /* FeedStore.xcdatamodeld */; };
		BF9963A427BA86DF00787A59 /* CoreDataHelpers.swift in Sources */ = {isa = PBXBuildFile; fileRef = BF9963A327BA86DF00787A59 /* CoreDataHelpers.swift */; };
		BF9963A627BA875800787A59 /* ManagedCache.swift in Sources */ = {isa = PBXBuildFile; fileRef = BF9963A527BA875800787A59 /* ManagedCache.swift */; };
		BF9963A827BA878800787A59 /* ManagedFeedImage.swift in Sources */ = {isa = PBXBuildFile; fileRef = BF9963A727BA878800787A59 /* ManagedFeedImage.swift */; };
		BFBA4B5627BBD16B00E591E9 /* EssentialFeedCacheIntegrationTests.swift in Sources */ = {isa = PBXBuildFile; fileRef = BFBA4B5527BBD16B00E591E9 /* EssentialFeedCacheIntegrationTests.swift */; };
		BFBA4B5727BBD16B00E591E9 /* EssentialFeed.framework in Frameworks */ = {isa = PBXBuildFile; fileRef = BF2915022781924C00370C05 /* EssentialFeed.framework */; };
		BFBA4B5D27BBD45300E591E9 /* XCTestCase+MemoryLeakTracking.swift in Sources */ = {isa = PBXBuildFile; fileRef = BF29153B2781943700370C05 /* XCTestCase+MemoryLeakTracking.swift */; };
		BFBA4B5E27BBD6B300E591E9 /* FeedCacheTestHelpers.swift in Sources */ = {isa = PBXBuildFile; fileRef = BF4859AE27B1741D00142C7F /* FeedCacheTestHelpers.swift */; };
		BFBA4B5F27BBD6C300E591E9 /* SharedTestHelpers.swift in Sources */ = {isa = PBXBuildFile; fileRef = BF4859B027B174CA00142C7F /* SharedTestHelpers.swift */; };
		BFC9508C27944EBA0041CB80 /* LocalFeedLoader.swift in Sources */ = {isa = PBXBuildFile; fileRef = BFC9508B27944EBA0041CB80 /* LocalFeedLoader.swift */; };
		BFC9508E27944F560041CB80 /* FeedStore.swift in Sources */ = {isa = PBXBuildFile; fileRef = BFC9508D27944F560041CB80 /* FeedStore.swift */; };
		BFC95090279466BD0041CB80 /* RemoteFeeditem.swift in Sources */ = {isa = PBXBuildFile; fileRef = BFC9508F279466BD0041CB80 /* RemoteFeeditem.swift */; };
		BFC95092279466F80041CB80 /* LocalFeedImage.swift in Sources */ = {isa = PBXBuildFile; fileRef = BFC95091279466F80041CB80 /* LocalFeedImage.swift */; };
		BFEDDEF027C5245E0016AA1C /* FeedImageCellController.swift in Sources */ = {isa = PBXBuildFile; fileRef = BFEDDEEF27C5245E0016AA1C /* FeedImageCellController.swift */; };
		BFFA4C042793D5FE00A7AE72 /* CacheFeedUseCaseTests.swift in Sources */ = {isa = PBXBuildFile; fileRef = BFFA4C032793D5FE00A7AE72 /* CacheFeedUseCaseTests.swift */; };
		BFFD821527D8F9B5002B0F16 /* ErrorView.swift in Sources */ = {isa = PBXBuildFile; fileRef = BFFD821427D8F9B5002B0F16 /* ErrorView.swift */; };
		BFFD821A27D8FD01002B0F16 /* UIRefreshControl+Helpers.swift in Sources */ = {isa = PBXBuildFile; fileRef = BFFD821927D8FD01002B0F16 /* UIRefreshControl+Helpers.swift */; };
		BFFD821D27D8FEF8002B0F16 /* FeedPresenterTests.swift in Sources */ = {isa = PBXBuildFile; fileRef = BFFD821C27D8FEF8002B0F16 /* FeedPresenterTests.swift */; };
		BFFD822727D908DE002B0F16 /* FeedPresenter.swift in Sources */ = {isa = PBXBuildFile; fileRef = BFFD822627D908DE002B0F16 /* FeedPresenter.swift */; };
		BFFD822827D90971002B0F16 /* Feed.strings in Resources */ = {isa = PBXBuildFile; fileRef = BFFD822227D9073B002B0F16 /* Feed.strings */; };
		BFFD822A27D909AC002B0F16 /* FeedViewModel.swift in Sources */ = {isa = PBXBuildFile; fileRef = BFFD822927D909AC002B0F16 /* FeedViewModel.swift */; };
		BFFD822C27D909CB002B0F16 /* FeedLoadingViewModel.swift in Sources */ = {isa = PBXBuildFile; fileRef = BFFD822B27D909CB002B0F16 /* FeedLoadingViewModel.swift */; };
		BFFD822E27D909DB002B0F16 /* FeedErrorViewModel.swift in Sources */ = {isa = PBXBuildFile; fileRef = BFFD822D27D909DB002B0F16 /* FeedErrorViewModel.swift */; };
		BFFD822F27D90C2B002B0F16 /* FeedLocalizationTests.swift in Sources */ = {isa = PBXBuildFile; fileRef = BFF69C3F27D0363C00B26A3E /* FeedLocalizationTests.swift */; };
		BFFD823127D90D32002B0F16 /* FeedImagePresenterTests.swift in Sources */ = {isa = PBXBuildFile; fileRef = BFFD823027D90D32002B0F16 /* FeedImagePresenterTests.swift */; };
		BFFD823327D9F5C8002B0F16 /* FeedImagePresenter.swift in Sources */ = {isa = PBXBuildFile; fileRef = BFFD823227D9F5C8002B0F16 /* FeedImagePresenter.swift */; };
		BFFD823527D9F693002B0F16 /* FeedImageViewModel.swift in Sources */ = {isa = PBXBuildFile; fileRef = BFFD823427D9F693002B0F16 /* FeedImageViewModel.swift */; };
		BFFD823627DB9C4A002B0F16 /* FeedImageDataLoader.swift in Sources */ = {isa = PBXBuildFile; fileRef = BFEDDEEA27C51C0C0016AA1C /* FeedImageDataLoader.swift */; };
		BFFD823827DB9CC7002B0F16 /* LoadFeedImageDataFromRemoteUseCaseTests.swift in Sources */ = {isa = PBXBuildFile; fileRef = BFFD823727DB9CC7002B0F16 /* LoadFeedImageDataFromRemoteUseCaseTests.swift */; };
		BFFD823A27DDF5A3002B0F16 /* HTTPClientSpy.swift in Sources */ = {isa = PBXBuildFile; fileRef = BFFD823927DDF5A3002B0F16 /* HTTPClientSpy.swift */; };
		BFFD823C27DDF612002B0F16 /* RemoteFeedImageDataLoader.swift in Sources */ = {isa = PBXBuildFile; fileRef = BFFD823B27DDF612002B0F16 /* RemoteFeedImageDataLoader.swift */; };
		BFFD823F27DE1267002B0F16 /* HTTPURLResponse.swift in Sources */ = {isa = PBXBuildFile; fileRef = BFFD823E27DE1267002B0F16 /* HTTPURLResponse.swift */; };
		BFFD824227DE134A002B0F16 /* URLProtocolStub.swift in Sources */ = {isa = PBXBuildFile; fileRef = BFFD824127DE134A002B0F16 /* URLProtocolStub.swift */; };
		BFFD824427DE14FC002B0F16 /* LoadFeedImageDataFromCacheUseCaseTests.swift in Sources */ = {isa = PBXBuildFile; fileRef = BFFD824327DE14FC002B0F16 /* LoadFeedImageDataFromCacheUseCaseTests.swift */; };
		BFFD824627DE3F97002B0F16 /* FeedImageDataStore.swift in Sources */ = {isa = PBXBuildFile; fileRef = BFFD824527DE3F97002B0F16 /* FeedImageDataStore.swift */; };
		BFFD824827DE3FBB002B0F16 /* LocalFeedImageDataLoader.swift in Sources */ = {isa = PBXBuildFile; fileRef = BFFD824727DE3FBB002B0F16 /* LocalFeedImageDataLoader.swift */; };
		BFFD824A27DE4607002B0F16 /* FeedImageDataStoreSpy.swift in Sources */ = {isa = PBXBuildFile; fileRef = BFFD824927DE4607002B0F16 /* FeedImageDataStoreSpy.swift */; };
		BFFD824C27DE46D5002B0F16 /* CacheFeedImageDataUseCaseTests.swift in Sources */ = {isa = PBXBuildFile; fileRef = BFFD824B27DE46D5002B0F16 /* CacheFeedImageDataUseCaseTests.swift */; };
		BFFD824E27DEADCA002B0F16 /* CoreDataFeedImageStoreTests.swift in Sources */ = {isa = PBXBuildFile; fileRef = BFFD824D27DEADCA002B0F16 /* CoreDataFeedImageStoreTests.swift */; };
		BFFD827E27E0DC1D002B0F16 /* CoreDataFeedStore+FeedImageDataLoader.swift in Sources */ = {isa = PBXBuildFile; fileRef = BFFD827D27E0DC1D002B0F16 /* CoreDataFeedStore+FeedImageDataLoader.swift */; };
		BFFD829F27E38FEB002B0F16 /* CoreDataFeedStore+FeedStore.swift in Sources */ = {isa = PBXBuildFile; fileRef = BFFD829E27E38FEB002B0F16 /* CoreDataFeedStore+FeedStore.swift */; };
/* End PBXBuildFile section */

/* Begin PBXContainerItemProxy section */
		BF2915192781927400370C05 /* PBXContainerItemProxy */ = {
			isa = PBXContainerItemProxy;
			containerPortal = BF2914F92781924C00370C05 /* Project object */;
			proxyType = 1;
			remoteGlobalIDString = BF2915012781924C00370C05;
			remoteInfo = EssentialFeed;
		};
		BF2915272781928400370C05 /* PBXContainerItemProxy */ = {
			isa = PBXContainerItemProxy;
			containerPortal = BF2914F92781924C00370C05 /* Project object */;
			proxyType = 1;
			remoteGlobalIDString = BF2915012781924C00370C05;
			remoteInfo = EssentialFeed;
		};
		BF842DBA27C105980041C95F /* PBXContainerItemProxy */ = {
			isa = PBXContainerItemProxy;
			containerPortal = BF2914F92781924C00370C05 /* Project object */;
			proxyType = 1;
			remoteGlobalIDString = BF842DAE27C105970041C95F;
			remoteInfo = EssentialFeediOS;
		};
		BF842DCD27C21A130041C95F /* PBXContainerItemProxy */ = {
			isa = PBXContainerItemProxy;
			containerPortal = BF2914F92781924C00370C05 /* Project object */;
			proxyType = 1;
			remoteGlobalIDString = BF2915012781924C00370C05;
			remoteInfo = EssentialFeed;
		};
		BFBA4B5827BBD16B00E591E9 /* PBXContainerItemProxy */ = {
			isa = PBXContainerItemProxy;
			containerPortal = BF2914F92781924C00370C05 /* Project object */;
			proxyType = 1;
			remoteGlobalIDString = BF2915012781924C00370C05;
			remoteInfo = EssentialFeed;
		};
/* End PBXContainerItemProxy section */

/* Begin PBXCopyFilesBuildPhase section */
		BF842DCF27C21A130041C95F /* Embed Frameworks */ = {
			isa = PBXCopyFilesBuildPhase;
			buildActionMask = 2147483647;
			dstPath = "";
			dstSubfolderSpec = 10;
			files = (
				BF842DCC27C21A130041C95F /* EssentialFeed.framework in Embed Frameworks */,
			);
			name = "Embed Frameworks";
			runOnlyForDeploymentPostprocessing = 0;
		};
/* End PBXCopyFilesBuildPhase section */

/* Begin PBXFileReference section */
		BF00E17427EB63F00051F8F0 /* FeedImageDataCache.swift */ = {isa = PBXFileReference; lastKnownFileType = sourcecode.swift; path = FeedImageDataCache.swift; sourceTree = "<group>"; };
		BF1CD90527E73FB900B409DA /* FeedCache.swift */ = {isa = PBXFileReference; lastKnownFileType = sourcecode.swift; path = FeedCache.swift; sourceTree = "<group>"; };
		BF2915022781924C00370C05 /* EssentialFeed.framework */ = {isa = PBXFileReference; explicitFileType = wrapper.framework; includeInIndex = 0; path = EssentialFeed.framework; sourceTree = BUILT_PRODUCTS_DIR; };
		BF2915142781927400370C05 /* EssentialFeedTests.xctest */ = {isa = PBXFileReference; explicitFileType = wrapper.cfbundle; includeInIndex = 0; path = EssentialFeedTests.xctest; sourceTree = BUILT_PRODUCTS_DIR; };
		BF2915162781927400370C05 /* LoadFeedFromRemoteUseCaseTests.swift */ = {isa = PBXFileReference; lastKnownFileType = sourcecode.swift; path = LoadFeedFromRemoteUseCaseTests.swift; sourceTree = "<group>"; };
		BF2915222781928400370C05 /* EssentialFeedAPIEndToEndTests.xctest */ = {isa = PBXFileReference; explicitFileType = wrapper.cfbundle; includeInIndex = 0; path = EssentialFeedAPIEndToEndTests.xctest; sourceTree = BUILT_PRODUCTS_DIR; };
		BF2915242781928400370C05 /* EssentialFeedAPIEndToEndTests.swift */ = {isa = PBXFileReference; lastKnownFileType = sourcecode.swift; path = EssentialFeedAPIEndToEndTests.swift; sourceTree = "<group>"; };
		BF29152C278192D000370C05 /* FeedImage.swift */ = {isa = PBXFileReference; lastKnownFileType = sourcecode.swift; path = FeedImage.swift; sourceTree = "<group>"; };
		BF29152E278192D800370C05 /* FeedLoader.swift */ = {isa = PBXFileReference; lastKnownFileType = sourcecode.swift; path = FeedLoader.swift; sourceTree = "<group>"; };
		BF291530278192E500370C05 /* RemoteFeedLoader.swift */ = {isa = PBXFileReference; lastKnownFileType = sourcecode.swift; path = RemoteFeedLoader.swift; sourceTree = "<group>"; };
		BF2915322781931400370C05 /* FeedItemsMapper.swift */ = {isa = PBXFileReference; lastKnownFileType = sourcecode.swift; path = FeedItemsMapper.swift; sourceTree = "<group>"; };
		BF2915342781939700370C05 /* HTTPClient.swift */ = {isa = PBXFileReference; lastKnownFileType = sourcecode.swift; path = HTTPClient.swift; sourceTree = "<group>"; };
		BF291536278193A500370C05 /* URLSessionHTTPClient.swift */ = {isa = PBXFileReference; lastKnownFileType = sourcecode.swift; path = URLSessionHTTPClient.swift; sourceTree = "<group>"; };
		BF2915382781941900370C05 /* URLSessionHTTPClientTests.swift */ = {isa = PBXFileReference; lastKnownFileType = sourcecode.swift; path = URLSessionHTTPClientTests.swift; sourceTree = "<group>"; };
		BF29153B2781943700370C05 /* XCTestCase+MemoryLeakTracking.swift */ = {isa = PBXFileReference; lastKnownFileType = sourcecode.swift; path = "XCTestCase+MemoryLeakTracking.swift"; sourceTree = "<group>"; };
		BF33FD7E2857847800610CA3 /* FeedSnapshotTests.swift */ = {isa = PBXFileReference; lastKnownFileType = sourcecode.swift; path = FeedSnapshotTests.swift; sourceTree = "<group>"; };
		BF33FD8428581CE000610CA3 /* UIImage+TestHelpers.swift */ = {isa = PBXFileReference; fileEncoding = 4; lastKnownFileType = sourcecode.swift; path = "UIImage+TestHelpers.swift"; sourceTree = "<group>"; };
		BF33FD8B28581E9400610CA3 /* UITableView+HeaderSizing.swift */ = {isa = PBXFileReference; lastKnownFileType = sourcecode.swift; path = "UITableView+HeaderSizing.swift"; sourceTree = "<group>"; };
		BF4859AC27B1703A00142C7F /* ValidateFeedCacheUseCaseTests.swift */ = {isa = PBXFileReference; lastKnownFileType = sourcecode.swift; path = ValidateFeedCacheUseCaseTests.swift; sourceTree = "<group>"; };
		BF4859AE27B1741D00142C7F /* FeedCacheTestHelpers.swift */ = {isa = PBXFileReference; lastKnownFileType = sourcecode.swift; path = FeedCacheTestHelpers.swift; sourceTree = "<group>"; };
		BF4859B027B174CA00142C7F /* SharedTestHelpers.swift */ = {isa = PBXFileReference; lastKnownFileType = sourcecode.swift; path = SharedTestHelpers.swift; sourceTree = "<group>"; };
		BF4859B227B2A34B00142C7F /* FeedCachePolicy.swift */ = {isa = PBXFileReference; lastKnownFileType = sourcecode.swift; path = FeedCachePolicy.swift; sourceTree = "<group>"; };
		BF5C7E1827AFB55B0074C9DE /* LoadFeedFromCacheUseCaseTests.swift */ = {isa = PBXFileReference; lastKnownFileType = sourcecode.swift; path = LoadFeedFromCacheUseCaseTests.swift; sourceTree = "<group>"; };
		BF5C7E1B27AFB6D10074C9DE /* FeedStoreSpy.swift */ = {isa = PBXFileReference; lastKnownFileType = sourcecode.swift; path = FeedStoreSpy.swift; sourceTree = "<group>"; };
		BF78E3AD27CF9857007B43BD /* Feed.storyboard */ = {isa = PBXFileReference; lastKnownFileType = file.storyboard; path = Feed.storyboard; sourceTree = "<group>"; };
		BF78E3AF27CF9916007B43BD /* Feed.xcassets */ = {isa = PBXFileReference; lastKnownFileType = folder.assetcatalog; path = Feed.xcassets; sourceTree = "<group>"; };
		BF78E3B127CFAC86007B43BD /* UITableView+Dequeueing.swift */ = {isa = PBXFileReference; lastKnownFileType = sourcecode.swift; path = "UITableView+Dequeueing.swift"; sourceTree = "<group>"; };
		BF78E3B327CFAD96007B43BD /* UIImageView+Animations.swift */ = {isa = PBXFileReference; lastKnownFileType = sourcecode.swift; path = "UIImageView+Animations.swift"; sourceTree = "<group>"; };
		BF842DAF27C105970041C95F /* EssentialFeediOS.framework */ = {isa = PBXFileReference; explicitFileType = wrapper.framework; includeInIndex = 0; path = EssentialFeediOS.framework; sourceTree = BUILT_PRODUCTS_DIR; };
		BF842DB827C105980041C95F /* EssentialFeediOSTests.xctest */ = {isa = PBXFileReference; explicitFileType = wrapper.cfbundle; includeInIndex = 0; path = EssentialFeediOSTests.xctest; sourceTree = BUILT_PRODUCTS_DIR; };
		BF842DD127C225270041C95F /* FeedViewController.swift */ = {isa = PBXFileReference; lastKnownFileType = sourcecode.swift; path = FeedViewController.swift; sourceTree = "<group>"; };
		BF842DD327C3A21D0041C95F /* FeedImageCell.swift */ = {isa = PBXFileReference; lastKnownFileType = sourcecode.swift; path = FeedImageCell.swift; sourceTree = "<group>"; };
		BF842DD527C3C5840041C95F /* UIView+Shimmering.swift */ = {isa = PBXFileReference; lastKnownFileType = sourcecode.swift; path = "UIView+Shimmering.swift"; sourceTree = "<group>"; };
		BF99633E27B8E91600787A59 /* FeedStoreSpecs.swift */ = {isa = PBXFileReference; lastKnownFileType = sourcecode.swift; path = FeedStoreSpecs.swift; sourceTree = "<group>"; };
		BF99634027B8E9A600787A59 /* XCTestCase+FeedStoreSpecs.swift */ = {isa = PBXFileReference; lastKnownFileType = sourcecode.swift; path = "XCTestCase+FeedStoreSpecs.swift"; sourceTree = "<group>"; };
		BF99634427B93ECC00787A59 /* CoreDataFeedStoreTests.swift */ = {isa = PBXFileReference; lastKnownFileType = sourcecode.swift; path = CoreDataFeedStoreTests.swift; sourceTree = "<group>"; };
		BF99634627B93F4F00787A59 /* CoreDataFeedStore.swift */ = {isa = PBXFileReference; lastKnownFileType = sourcecode.swift; path = CoreDataFeedStore.swift; sourceTree = "<group>"; };
		BF99634927B9413B00787A59 /* FeedStore.xcdatamodel */ = {isa = PBXFileReference; lastKnownFileType = wrapper.xcdatamodel; path = FeedStore.xcdatamodel; sourceTree = "<group>"; };
		BF9963A327BA86DF00787A59 /* CoreDataHelpers.swift */ = {isa = PBXFileReference; lastKnownFileType = sourcecode.swift; path = CoreDataHelpers.swift; sourceTree = "<group>"; };
		BF9963A527BA875800787A59 /* ManagedCache.swift */ = {isa = PBXFileReference; lastKnownFileType = sourcecode.swift; path = ManagedCache.swift; sourceTree = "<group>"; };
		BF9963A727BA878800787A59 /* ManagedFeedImage.swift */ = {isa = PBXFileReference; lastKnownFileType = sourcecode.swift; path = ManagedFeedImage.swift; sourceTree = "<group>"; };
		BFBA4B5327BBD16B00E591E9 /* EssentialFeedCacheIntegrationTests.xctest */ = {isa = PBXFileReference; explicitFileType = wrapper.cfbundle; includeInIndex = 0; path = EssentialFeedCacheIntegrationTests.xctest; sourceTree = BUILT_PRODUCTS_DIR; };
		BFBA4B5527BBD16B00E591E9 /* EssentialFeedCacheIntegrationTests.swift */ = {isa = PBXFileReference; lastKnownFileType = sourcecode.swift; path = EssentialFeedCacheIntegrationTests.swift; sourceTree = "<group>"; };
		BFC9508B27944EBA0041CB80 /* LocalFeedLoader.swift */ = {isa = PBXFileReference; lastKnownFileType = sourcecode.swift; path = LocalFeedLoader.swift; sourceTree = "<group>"; };
		BFC9508D27944F560041CB80 /* FeedStore.swift */ = {isa = PBXFileReference; lastKnownFileType = sourcecode.swift; path = FeedStore.swift; sourceTree = "<group>"; };
		BFC9508F279466BD0041CB80 /* RemoteFeeditem.swift */ = {isa = PBXFileReference; lastKnownFileType = sourcecode.swift; path = RemoteFeeditem.swift; sourceTree = "<group>"; };
		BFC95091279466F80041CB80 /* LocalFeedImage.swift */ = {isa = PBXFileReference; lastKnownFileType = sourcecode.swift; path = LocalFeedImage.swift; sourceTree = "<group>"; };
		BFEDDEEA27C51C0C0016AA1C /* FeedImageDataLoader.swift */ = {isa = PBXFileReference; lastKnownFileType = sourcecode.swift; path = FeedImageDataLoader.swift; sourceTree = "<group>"; };
		BFEDDEEF27C5245E0016AA1C /* FeedImageCellController.swift */ = {isa = PBXFileReference; lastKnownFileType = sourcecode.swift; path = FeedImageCellController.swift; sourceTree = "<group>"; };
		BFF69C3F27D0363C00B26A3E /* FeedLocalizationTests.swift */ = {isa = PBXFileReference; lastKnownFileType = sourcecode.swift; path = FeedLocalizationTests.swift; sourceTree = "<group>"; };
		BFFA4C032793D5FE00A7AE72 /* CacheFeedUseCaseTests.swift */ = {isa = PBXFileReference; lastKnownFileType = sourcecode.swift; path = CacheFeedUseCaseTests.swift; sourceTree = "<group>"; };
		BFFD821427D8F9B5002B0F16 /* ErrorView.swift */ = {isa = PBXFileReference; lastKnownFileType = sourcecode.swift; path = ErrorView.swift; sourceTree = "<group>"; };
		BFFD821927D8FD01002B0F16 /* UIRefreshControl+Helpers.swift */ = {isa = PBXFileReference; lastKnownFileType = sourcecode.swift; path = "UIRefreshControl+Helpers.swift"; sourceTree = "<group>"; };
		BFFD821C27D8FEF8002B0F16 /* FeedPresenterTests.swift */ = {isa = PBXFileReference; lastKnownFileType = sourcecode.swift; path = FeedPresenterTests.swift; sourceTree = "<group>"; };
		BFFD822127D9073B002B0F16 /* en */ = {isa = PBXFileReference; lastKnownFileType = text.plist.strings; name = en; path = en.lproj/Feed.strings; sourceTree = "<group>"; };
		BFFD822327D90740002B0F16 /* el */ = {isa = PBXFileReference; lastKnownFileType = text.plist.strings; name = el; path = el.lproj/Feed.strings; sourceTree = "<group>"; };
		BFFD822427D90741002B0F16 /* pt-BR */ = {isa = PBXFileReference; lastKnownFileType = text.plist.strings; name = "pt-BR"; path = "pt-BR.lproj/Feed.strings"; sourceTree = "<group>"; };
		BFFD822627D908DE002B0F16 /* FeedPresenter.swift */ = {isa = PBXFileReference; lastKnownFileType = sourcecode.swift; path = FeedPresenter.swift; sourceTree = "<group>"; };
		BFFD822927D909AC002B0F16 /* FeedViewModel.swift */ = {isa = PBXFileReference; lastKnownFileType = sourcecode.swift; path = FeedViewModel.swift; sourceTree = "<group>"; };
		BFFD822B27D909CB002B0F16 /* FeedLoadingViewModel.swift */ = {isa = PBXFileReference; lastKnownFileType = sourcecode.swift; path = FeedLoadingViewModel.swift; sourceTree = "<group>"; };
		BFFD822D27D909DB002B0F16 /* FeedErrorViewModel.swift */ = {isa = PBXFileReference; lastKnownFileType = sourcecode.swift; path = FeedErrorViewModel.swift; sourceTree = "<group>"; };
		BFFD823027D90D32002B0F16 /* FeedImagePresenterTests.swift */ = {isa = PBXFileReference; lastKnownFileType = sourcecode.swift; path = FeedImagePresenterTests.swift; sourceTree = "<group>"; };
		BFFD823227D9F5C8002B0F16 /* FeedImagePresenter.swift */ = {isa = PBXFileReference; lastKnownFileType = sourcecode.swift; path = FeedImagePresenter.swift; sourceTree = "<group>"; };
		BFFD823427D9F693002B0F16 /* FeedImageViewModel.swift */ = {isa = PBXFileReference; lastKnownFileType = sourcecode.swift; path = FeedImageViewModel.swift; sourceTree = "<group>"; };
		BFFD823727DB9CC7002B0F16 /* LoadFeedImageDataFromRemoteUseCaseTests.swift */ = {isa = PBXFileReference; lastKnownFileType = sourcecode.swift; path = LoadFeedImageDataFromRemoteUseCaseTests.swift; sourceTree = "<group>"; };
		BFFD823927DDF5A3002B0F16 /* HTTPClientSpy.swift */ = {isa = PBXFileReference; lastKnownFileType = sourcecode.swift; path = HTTPClientSpy.swift; sourceTree = "<group>"; };
		BFFD823B27DDF612002B0F16 /* RemoteFeedImageDataLoader.swift */ = {isa = PBXFileReference; lastKnownFileType = sourcecode.swift; path = RemoteFeedImageDataLoader.swift; sourceTree = "<group>"; };
		BFFD823E27DE1267002B0F16 /* HTTPURLResponse.swift */ = {isa = PBXFileReference; lastKnownFileType = sourcecode.swift; path = HTTPURLResponse.swift; sourceTree = "<group>"; };
		BFFD824127DE134A002B0F16 /* URLProtocolStub.swift */ = {isa = PBXFileReference; lastKnownFileType = sourcecode.swift; path = URLProtocolStub.swift; sourceTree = "<group>"; };
		BFFD824327DE14FC002B0F16 /* LoadFeedImageDataFromCacheUseCaseTests.swift */ = {isa = PBXFileReference; lastKnownFileType = sourcecode.swift; path = LoadFeedImageDataFromCacheUseCaseTests.swift; sourceTree = "<group>"; };
		BFFD824527DE3F97002B0F16 /* FeedImageDataStore.swift */ = {isa = PBXFileReference; lastKnownFileType = sourcecode.swift; path = FeedImageDataStore.swift; sourceTree = "<group>"; };
		BFFD824727DE3FBB002B0F16 /* LocalFeedImageDataLoader.swift */ = {isa = PBXFileReference; lastKnownFileType = sourcecode.swift; path = LocalFeedImageDataLoader.swift; sourceTree = "<group>"; };
		BFFD824927DE4607002B0F16 /* FeedImageDataStoreSpy.swift */ = {isa = PBXFileReference; lastKnownFileType = sourcecode.swift; path = FeedImageDataStoreSpy.swift; sourceTree = "<group>"; };
		BFFD824B27DE46D5002B0F16 /* CacheFeedImageDataUseCaseTests.swift */ = {isa = PBXFileReference; lastKnownFileType = sourcecode.swift; path = CacheFeedImageDataUseCaseTests.swift; sourceTree = "<group>"; };
		BFFD824D27DEADCA002B0F16 /* CoreDataFeedImageStoreTests.swift */ = {isa = PBXFileReference; lastKnownFileType = sourcecode.swift; path = CoreDataFeedImageStoreTests.swift; sourceTree = "<group>"; };
		BFFD827C27E0DA9C002B0F16 /* FeedStore2.xcdatamodel */ = {isa = PBXFileReference; lastKnownFileType = wrapper.xcdatamodel; path = FeedStore2.xcdatamodel; sourceTree = "<group>"; };
		BFFD827D27E0DC1D002B0F16 /* CoreDataFeedStore+FeedImageDataLoader.swift */ = {isa = PBXFileReference; lastKnownFileType = sourcecode.swift; path = "CoreDataFeedStore+FeedImageDataLoader.swift"; sourceTree = "<group>"; };
		BFFD829E27E38FEB002B0F16 /* CoreDataFeedStore+FeedStore.swift */ = {isa = PBXFileReference; lastKnownFileType = sourcecode.swift; path = "CoreDataFeedStore+FeedStore.swift"; sourceTree = "<group>"; };
/* End PBXFileReference section */

/* Begin PBXFrameworksBuildPhase section */
		BF2914FF2781924C00370C05 /* Frameworks */ = {
			isa = PBXFrameworksBuildPhase;
			buildActionMask = 2147483647;
			files = (
			);
			runOnlyForDeploymentPostprocessing = 0;
		};
		BF2915112781927400370C05 /* Frameworks */ = {
			isa = PBXFrameworksBuildPhase;
			buildActionMask = 2147483647;
			files = (
				BF2915182781927400370C05 /* EssentialFeed.framework in Frameworks */,
			);
			runOnlyForDeploymentPostprocessing = 0;
		};
		BF29151F2781928400370C05 /* Frameworks */ = {
			isa = PBXFrameworksBuildPhase;
			buildActionMask = 2147483647;
			files = (
				BF2915262781928400370C05 /* EssentialFeed.framework in Frameworks */,
			);
			runOnlyForDeploymentPostprocessing = 0;
		};
		BF842DAC27C105970041C95F /* Frameworks */ = {
			isa = PBXFrameworksBuildPhase;
			buildActionMask = 2147483647;
			files = (
				BF842DCB27C21A130041C95F /* EssentialFeed.framework in Frameworks */,
			);
			runOnlyForDeploymentPostprocessing = 0;
		};
		BF842DB527C105980041C95F /* Frameworks */ = {
			isa = PBXFrameworksBuildPhase;
			buildActionMask = 2147483647;
			files = (
				BF842DB927C105980041C95F /* EssentialFeediOS.framework in Frameworks */,
			);
			runOnlyForDeploymentPostprocessing = 0;
		};
		BFBA4B5027BBD16B00E591E9 /* Frameworks */ = {
			isa = PBXFrameworksBuildPhase;
			buildActionMask = 2147483647;
			files = (
				BFBA4B5727BBD16B00E591E9 /* EssentialFeed.framework in Frameworks */,
			);
			runOnlyForDeploymentPostprocessing = 0;
		};
/* End PBXFrameworksBuildPhase section */

/* Begin PBXGroup section */
		BF2914F82781924C00370C05 = {
			isa = PBXGroup;
			children = (
				BF2915042781924C00370C05 /* EssentialFeed */,
				BF2915152781927400370C05 /* EssentialFeedTests */,
				BF2915232781928400370C05 /* EssentialFeedAPIEndToEndTests */,
				BFBA4B5427BBD16B00E591E9 /* EssentialFeedCacheIntegrationTests */,
				BF842DB027C105970041C95F /* EssentialFeediOS */,
				BF842DBC27C105980041C95F /* EssentialFeediOSTests */,
				BF2915032781924C00370C05 /* Products */,
				BF842DCA27C21A130041C95F /* Frameworks */,
			);
			sourceTree = "<group>";
		};
		BF2915032781924C00370C05 /* Products */ = {
			isa = PBXGroup;
			children = (
				BF2915022781924C00370C05 /* EssentialFeed.framework */,
				BF2915142781927400370C05 /* EssentialFeedTests.xctest */,
				BF2915222781928400370C05 /* EssentialFeedAPIEndToEndTests.xctest */,
				BFBA4B5327BBD16B00E591E9 /* EssentialFeedCacheIntegrationTests.xctest */,
				BF842DAF27C105970041C95F /* EssentialFeediOS.framework */,
				BF842DB827C105980041C95F /* EssentialFeediOSTests.xctest */,
			);
			name = Products;
			sourceTree = "<group>";
		};
		BF2915042781924C00370C05 /* EssentialFeed */ = {
			isa = PBXGroup;
			children = (
				BFC9508A27944EAC0041CB80 /* Feed Cache */,
				BF29150E2781925300370C05 /* Feed Feature */,
				BF29150F2781925B00370C05 /* Feed API */,
				BFFD822527D908AC002B0F16 /* Feed Presentation */,
			);
			path = EssentialFeed;
			sourceTree = "<group>";
		};
		BF29150E2781925300370C05 /* Feed Feature */ = {
			isa = PBXGroup;
			children = (
				BF29152C278192D000370C05 /* FeedImage.swift */,
				BF29152E278192D800370C05 /* FeedLoader.swift */,
				BF1CD90527E73FB900B409DA /* FeedCache.swift */,
				BFEDDEEA27C51C0C0016AA1C /* FeedImageDataLoader.swift */,
				BF00E17427EB63F00051F8F0 /* FeedImageDataCache.swift */,
			);
			path = "Feed Feature";
			sourceTree = "<group>";
		};
		BF29150F2781925B00370C05 /* Feed API */ = {
			isa = PBXGroup;
			children = (
				BFFD823D27DE1256002B0F16 /* Helpers */,
				BF291530278192E500370C05 /* RemoteFeedLoader.swift */,
				BF2915322781931400370C05 /* FeedItemsMapper.swift */,
				BF2915342781939700370C05 /* HTTPClient.swift */,
				BF291536278193A500370C05 /* URLSessionHTTPClient.swift */,
				BFC9508F279466BD0041CB80 /* RemoteFeeditem.swift */,
				BFFD823B27DDF612002B0F16 /* RemoteFeedImageDataLoader.swift */,
			);
			path = "Feed API";
			sourceTree = "<group>";
		};
		BF2915152781927400370C05 /* EssentialFeedTests */ = {
			isa = PBXGroup;
			children = (
				BF29153A2781942300370C05 /* Helpers */,
				BFFA4C002793D5D000A7AE72 /* Feed Cache */,
				BFFA4BFF2793D58200A7AE72 /* Feed API */,
				BFFD821B27D8FED3002B0F16 /* Feed Presentation */,
			);
			path = EssentialFeedTests;
			sourceTree = "<group>";
		};
		BF2915232781928400370C05 /* EssentialFeedAPIEndToEndTests */ = {
			isa = PBXGroup;
			children = (
				BF2915242781928400370C05 /* EssentialFeedAPIEndToEndTests.swift */,
			);
			path = EssentialFeedAPIEndToEndTests;
			sourceTree = "<group>";
		};
		BF29153A2781942300370C05 /* Helpers */ = {
			isa = PBXGroup;
			children = (
				BF29153B2781943700370C05 /* XCTestCase+MemoryLeakTracking.swift */,
				BF4859B027B174CA00142C7F /* SharedTestHelpers.swift */,
			);
			path = Helpers;
			sourceTree = "<group>";
		};
		BF33FD8328581CCA00610CA3 /* Helpers */ = {
			isa = PBXGroup;
			children = (
				BF33FD8428581CE000610CA3 /* UIImage+TestHelpers.swift */,
			);
			path = Helpers;
			sourceTree = "<group>";
		};
		BF5C7E1A27AFB6C00074C9DE /* Helpers */ = {
			isa = PBXGroup;
			children = (
				BF5C7E1B27AFB6D10074C9DE /* FeedStoreSpy.swift */,
				BF4859AE27B1741D00142C7F /* FeedCacheTestHelpers.swift */,
				BFFD824927DE4607002B0F16 /* FeedImageDataStoreSpy.swift */,
			);
			path = Helpers;
			sourceTree = "<group>";
		};
		BF842DB027C105970041C95F /* EssentialFeediOS */ = {
			isa = PBXGroup;
			children = (
				BFEDDEEC27C51C130016AA1C /* Feed Image Loader */,
				BFEDDEE727C51B900016AA1C /* Feed UI */,
			);
			path = EssentialFeediOS;
			sourceTree = "<group>";
		};
		BF842DBC27C105980041C95F /* EssentialFeediOSTests */ = {
			isa = PBXGroup;
			children = (
				BF33FD8328581CCA00610CA3 /* Helpers */,
				BF33FD7E2857847800610CA3 /* FeedSnapshotTests.swift */,
			);
			path = EssentialFeediOSTests;
			sourceTree = "<group>";
		};
		BF842DCA27C21A130041C95F /* Frameworks */ = {
			isa = PBXGroup;
			children = (
			);
			name = Frameworks;
			sourceTree = "<group>";
		};
		BF9963A027BA861100787A59 /* Infrastructure */ = {
			isa = PBXGroup;
			children = (
				BF9963A127BA862400787A59 /* Core Data */,
			);
			path = Infrastructure;
			sourceTree = "<group>";
		};
		BF9963A127BA862400787A59 /* Core Data */ = {
			isa = PBXGroup;
			children = (
				BF99634627B93F4F00787A59 /* CoreDataFeedStore.swift */,
				BF9963A327BA86DF00787A59 /* CoreDataHelpers.swift */,
				BF9963A527BA875800787A59 /* ManagedCache.swift */,
				BF9963A727BA878800787A59 /* ManagedFeedImage.swift */,
				BF99634827B9413B00787A59 /* FeedStore.xcdatamodeld */,
				BFFD827D27E0DC1D002B0F16 /* CoreDataFeedStore+FeedImageDataLoader.swift */,
				BFFD829E27E38FEB002B0F16 /* CoreDataFeedStore+FeedStore.swift */,
			);
			path = "Core Data";
			sourceTree = "<group>";
		};
		BFBA4B5427BBD16B00E591E9 /* EssentialFeedCacheIntegrationTests */ = {
			isa = PBXGroup;
			children = (
				BFBA4B5527BBD16B00E591E9 /* EssentialFeedCacheIntegrationTests.swift */,
			);
			path = EssentialFeedCacheIntegrationTests;
			sourceTree = "<group>";
		};
		BFC9508A27944EAC0041CB80 /* Feed Cache */ = {
			isa = PBXGroup;
			children = (
				BF9963A027BA861100787A59 /* Infrastructure */,
				BFC9508B27944EBA0041CB80 /* LocalFeedLoader.swift */,
				BFC9508D27944F560041CB80 /* FeedStore.swift */,
				BFC95091279466F80041CB80 /* LocalFeedImage.swift */,
				BF4859B227B2A34B00142C7F /* FeedCachePolicy.swift */,
				BFFD824527DE3F97002B0F16 /* FeedImageDataStore.swift */,
				BFFD824727DE3FBB002B0F16 /* LocalFeedImageDataLoader.swift */,
			);
			path = "Feed Cache";
			sourceTree = "<group>";
		};
		BFEDDEE727C51B900016AA1C /* Feed UI */ = {
			isa = PBXGroup;
			children = (
				BFEDDEE827C51B900016AA1C /* Controllers */,
				BFEDDEE927C51B900016AA1C /* Views */,
			);
			path = "Feed UI";
			sourceTree = "<group>";
		};
		BFEDDEE827C51B900016AA1C /* Controllers */ = {
			isa = PBXGroup;
			children = (
				BF842DD127C225270041C95F /* FeedViewController.swift */,
				BFEDDEEF27C5245E0016AA1C /* FeedImageCellController.swift */,
			);
			path = Controllers;
			sourceTree = "<group>";
		};
		BFEDDEE927C51B900016AA1C /* Views */ = {
			isa = PBXGroup;
			children = (
				BFFD821627D8FBE7002B0F16 /* Helpers */,
				BF842DD327C3A21D0041C95F /* FeedImageCell.swift */,
				BF78E3AD27CF9857007B43BD /* Feed.storyboard */,
				BF78E3AF27CF9916007B43BD /* Feed.xcassets */,
				BFFD821427D8F9B5002B0F16 /* ErrorView.swift */,
			);
			path = Views;
			sourceTree = "<group>";
		};
		BFEDDEEC27C51C130016AA1C /* Feed Image Loader */ = {
			isa = PBXGroup;
			children = (
			);
			name = "Feed Image Loader";
			path = "Feed UI/Feed Image Loader";
			sourceTree = "<group>";
		};
		BFFA4BFF2793D58200A7AE72 /* Feed API */ = {
			isa = PBXGroup;
			children = (
				BFFD824027DE133C002B0F16 /* Helpers */,
				BF2915162781927400370C05 /* LoadFeedFromRemoteUseCaseTests.swift */,
				BF2915382781941900370C05 /* URLSessionHTTPClientTests.swift */,
				BFFD823727DB9CC7002B0F16 /* LoadFeedImageDataFromRemoteUseCaseTests.swift */,
				BFFD823927DDF5A3002B0F16 /* HTTPClientSpy.swift */,
			);
			path = "Feed API";
			sourceTree = "<group>";
		};
		BFFA4C002793D5D000A7AE72 /* Feed Cache */ = {
			isa = PBXGroup;
			children = (
				BF5C7E1A27AFB6C00074C9DE /* Helpers */,
				BFFA4C032793D5FE00A7AE72 /* CacheFeedUseCaseTests.swift */,
				BF5C7E1827AFB55B0074C9DE /* LoadFeedFromCacheUseCaseTests.swift */,
				BF4859AC27B1703A00142C7F /* ValidateFeedCacheUseCaseTests.swift */,
				BF99633E27B8E91600787A59 /* FeedStoreSpecs.swift */,
				BF99634027B8E9A600787A59 /* XCTestCase+FeedStoreSpecs.swift */,
				BF99634427B93ECC00787A59 /* CoreDataFeedStoreTests.swift */,
				BFFD824327DE14FC002B0F16 /* LoadFeedImageDataFromCacheUseCaseTests.swift */,
				BFFD824B27DE46D5002B0F16 /* CacheFeedImageDataUseCaseTests.swift */,
				BFFD824D27DEADCA002B0F16 /* CoreDataFeedImageStoreTests.swift */,
			);
			path = "Feed Cache";
			sourceTree = "<group>";
		};
		BFFD821627D8FBE7002B0F16 /* Helpers */ = {
			isa = PBXGroup;
			children = (
				BF78E3B327CFAD96007B43BD /* UIImageView+Animations.swift */,
				BF842DD527C3C5840041C95F /* UIView+Shimmering.swift */,
				BF78E3B127CFAC86007B43BD /* UITableView+Dequeueing.swift */,
				BFFD821927D8FD01002B0F16 /* UIRefreshControl+Helpers.swift */,
				BF33FD8B28581E9400610CA3 /* UITableView+HeaderSizing.swift */,
			);
			path = Helpers;
			sourceTree = "<group>";
		};
		BFFD821B27D8FED3002B0F16 /* Feed Presentation */ = {
			isa = PBXGroup;
			children = (
				BFF69C3F27D0363C00B26A3E /* FeedLocalizationTests.swift */,
				BFFD821C27D8FEF8002B0F16 /* FeedPresenterTests.swift */,
				BFFD823027D90D32002B0F16 /* FeedImagePresenterTests.swift */,
			);
			path = "Feed Presentation";
			sourceTree = "<group>";
		};
		BFFD822527D908AC002B0F16 /* Feed Presentation */ = {
			isa = PBXGroup;
			children = (
				BFFD822627D908DE002B0F16 /* FeedPresenter.swift */,
				BFFD822927D909AC002B0F16 /* FeedViewModel.swift */,
				BFFD822B27D909CB002B0F16 /* FeedLoadingViewModel.swift */,
				BFFD822D27D909DB002B0F16 /* FeedErrorViewModel.swift */,
				BFFD823227D9F5C8002B0F16 /* FeedImagePresenter.swift */,
				BFFD823427D9F693002B0F16 /* FeedImageViewModel.swift */,
				BFFD822227D9073B002B0F16 /* Feed.strings */,
			);
			path = "Feed Presentation";
			sourceTree = "<group>";
		};
		BFFD823D27DE1256002B0F16 /* Helpers */ = {
			isa = PBXGroup;
			children = (
				BFFD823E27DE1267002B0F16 /* HTTPURLResponse.swift */,
			);
			path = Helpers;
			sourceTree = "<group>";
		};
		BFFD824027DE133C002B0F16 /* Helpers */ = {
			isa = PBXGroup;
			children = (
				BFFD824127DE134A002B0F16 /* URLProtocolStub.swift */,
			);
			path = Helpers;
			sourceTree = "<group>";
		};
/* End PBXGroup section */

/* Begin PBXHeadersBuildPhase section */
		BF2914FD2781924C00370C05 /* Headers */ = {
			isa = PBXHeadersBuildPhase;
			buildActionMask = 2147483647;
			files = (
			);
			runOnlyForDeploymentPostprocessing = 0;
		};
		BF842DAA27C105970041C95F /* Headers */ = {
			isa = PBXHeadersBuildPhase;
			buildActionMask = 2147483647;
			files = (
			);
			runOnlyForDeploymentPostprocessing = 0;
		};
/* End PBXHeadersBuildPhase section */

/* Begin PBXNativeTarget section */
		BF2915012781924C00370C05 /* EssentialFeed */ = {
			isa = PBXNativeTarget;
			buildConfigurationList = BF29150B2781924C00370C05 /* Build configuration list for PBXNativeTarget "EssentialFeed" */;
			buildPhases = (
				BF2914FD2781924C00370C05 /* Headers */,
				BF2914FE2781924C00370C05 /* Sources */,
				BF2914FF2781924C00370C05 /* Frameworks */,
				BF2915002781924C00370C05 /* Resources */,
			);
			buildRules = (
			);
			dependencies = (
			);
			name = EssentialFeed;
			productName = EssentialFeed;
			productReference = BF2915022781924C00370C05 /* EssentialFeed.framework */;
			productType = "com.apple.product-type.framework";
		};
		BF2915132781927400370C05 /* EssentialFeedTests */ = {
			isa = PBXNativeTarget;
			buildConfigurationList = BF29151B2781927400370C05 /* Build configuration list for PBXNativeTarget "EssentialFeedTests" */;
			buildPhases = (
				BF2915102781927400370C05 /* Sources */,
				BF2915112781927400370C05 /* Frameworks */,
				BF2915122781927400370C05 /* Resources */,
			);
			buildRules = (
			);
			dependencies = (
				BF29151A2781927400370C05 /* PBXTargetDependency */,
			);
			name = EssentialFeedTests;
			productName = EssentialFeedTests;
			productReference = BF2915142781927400370C05 /* EssentialFeedTests.xctest */;
			productType = "com.apple.product-type.bundle.unit-test";
		};
		BF2915212781928400370C05 /* EssentialFeedAPIEndToEndTests */ = {
			isa = PBXNativeTarget;
			buildConfigurationList = BF2915292781928400370C05 /* Build configuration list for PBXNativeTarget "EssentialFeedAPIEndToEndTests" */;
			buildPhases = (
				BF29151E2781928400370C05 /* Sources */,
				BF29151F2781928400370C05 /* Frameworks */,
				BF2915202781928400370C05 /* Resources */,
			);
			buildRules = (
			);
			dependencies = (
				BF2915282781928400370C05 /* PBXTargetDependency */,
			);
			name = EssentialFeedAPIEndToEndTests;
			productName = EssentialFeedAPIEndToEndTests;
			productReference = BF2915222781928400370C05 /* EssentialFeedAPIEndToEndTests.xctest */;
			productType = "com.apple.product-type.bundle.unit-test";
		};
		BF842DAE27C105970041C95F /* EssentialFeediOS */ = {
			isa = PBXNativeTarget;
			buildConfigurationList = BF842DC027C105980041C95F /* Build configuration list for PBXNativeTarget "EssentialFeediOS" */;
			buildPhases = (
				BF842DAA27C105970041C95F /* Headers */,
				BF842DAB27C105970041C95F /* Sources */,
				BF842DAC27C105970041C95F /* Frameworks */,
				BF842DAD27C105970041C95F /* Resources */,
				BF842DCF27C21A130041C95F /* Embed Frameworks */,
			);
			buildRules = (
			);
			dependencies = (
				BF842DCE27C21A130041C95F /* PBXTargetDependency */,
			);
			name = EssentialFeediOS;
			productName = EssentialFeediOS;
			productReference = BF842DAF27C105970041C95F /* EssentialFeediOS.framework */;
			productType = "com.apple.product-type.framework";
		};
		BF842DB727C105980041C95F /* EssentialFeediOSTests */ = {
			isa = PBXNativeTarget;
			buildConfigurationList = BF842DC327C105980041C95F /* Build configuration list for PBXNativeTarget "EssentialFeediOSTests" */;
			buildPhases = (
				BF842DB427C105980041C95F /* Sources */,
				BF842DB527C105980041C95F /* Frameworks */,
				BF842DB627C105980041C95F /* Resources */,
			);
			buildRules = (
			);
			dependencies = (
				BF842DBB27C105980041C95F /* PBXTargetDependency */,
			);
			name = EssentialFeediOSTests;
			productName = EssentialFeediOSTests;
			productReference = BF842DB827C105980041C95F /* EssentialFeediOSTests.xctest */;
			productType = "com.apple.product-type.bundle.unit-test";
		};
		BFBA4B5227BBD16B00E591E9 /* EssentialFeedCacheIntegrationTests */ = {
			isa = PBXNativeTarget;
			buildConfigurationList = BFBA4B5C27BBD16B00E591E9 /* Build configuration list for PBXNativeTarget "EssentialFeedCacheIntegrationTests" */;
			buildPhases = (
				BFBA4B4F27BBD16B00E591E9 /* Sources */,
				BFBA4B5027BBD16B00E591E9 /* Frameworks */,
				BFBA4B5127BBD16B00E591E9 /* Resources */,
			);
			buildRules = (
			);
			dependencies = (
				BFBA4B5927BBD16B00E591E9 /* PBXTargetDependency */,
			);
			name = EssentialFeedCacheIntegrationTests;
			productName = EssentialFeedCacheIntegrationTests;
			productReference = BFBA4B5327BBD16B00E591E9 /* EssentialFeedCacheIntegrationTests.xctest */;
			productType = "com.apple.product-type.bundle.unit-test";
		};
/* End PBXNativeTarget section */

/* Begin PBXProject section */
		BF2914F92781924C00370C05 /* Project object */ = {
			isa = PBXProject;
			attributes = {
				BuildIndependentTargetsInParallel = 1;
				LastSwiftUpdateCheck = 1300;
				LastUpgradeCheck = 1300;
				TargetAttributes = {
					BF2915012781924C00370C05 = {
						CreatedOnToolsVersion = 13.0;
					};
					BF2915132781927400370C05 = {
						CreatedOnToolsVersion = 13.0;
					};
					BF2915212781928400370C05 = {
						CreatedOnToolsVersion = 13.0;
					};
					BF842DAE27C105970041C95F = {
						CreatedOnToolsVersion = 13.0;
						LastSwiftMigration = 1300;
					};
					BF842DB727C105980041C95F = {
						CreatedOnToolsVersion = 13.0;
						LastSwiftMigration = 1300;
					};
					BFBA4B5227BBD16B00E591E9 = {
						CreatedOnToolsVersion = 13.0;
					};
				};
			};
			buildConfigurationList = BF2914FC2781924C00370C05 /* Build configuration list for PBXProject "EssentialFeed" */;
			compatibilityVersion = "Xcode 13.0";
			developmentRegion = en;
			hasScannedForEncodings = 0;
			knownRegions = (
				en,
				Base,
				"pt-BR",
				el,
			);
			mainGroup = BF2914F82781924C00370C05;
			productRefGroup = BF2915032781924C00370C05 /* Products */;
			projectDirPath = "";
			projectRoot = "";
			targets = (
				BF2915012781924C00370C05 /* EssentialFeed */,
				BF2915132781927400370C05 /* EssentialFeedTests */,
				BF2915212781928400370C05 /* EssentialFeedAPIEndToEndTests */,
				BFBA4B5227BBD16B00E591E9 /* EssentialFeedCacheIntegrationTests */,
				BF842DAE27C105970041C95F /* EssentialFeediOS */,
				BF842DB727C105980041C95F /* EssentialFeediOSTests */,
			);
		};
/* End PBXProject section */

/* Begin PBXResourcesBuildPhase section */
		BF2915002781924C00370C05 /* Resources */ = {
			isa = PBXResourcesBuildPhase;
			buildActionMask = 2147483647;
			files = (
				BFFD822827D90971002B0F16 /* Feed.strings in Resources */,
			);
			runOnlyForDeploymentPostprocessing = 0;
		};
		BF2915122781927400370C05 /* Resources */ = {
			isa = PBXResourcesBuildPhase;
			buildActionMask = 2147483647;
			files = (
			);
			runOnlyForDeploymentPostprocessing = 0;
		};
		BF2915202781928400370C05 /* Resources */ = {
			isa = PBXResourcesBuildPhase;
			buildActionMask = 2147483647;
			files = (
			);
			runOnlyForDeploymentPostprocessing = 0;
		};
		BF842DAD27C105970041C95F /* Resources */ = {
			isa = PBXResourcesBuildPhase;
			buildActionMask = 2147483647;
			files = (
				BF78E3AE27CF9857007B43BD /* Feed.storyboard in Resources */,
				BF78E3B027CF9916007B43BD /* Feed.xcassets in Resources */,
			);
			runOnlyForDeploymentPostprocessing = 0;
		};
		BF842DB627C105980041C95F /* Resources */ = {
			isa = PBXResourcesBuildPhase;
			buildActionMask = 2147483647;
			files = (
			);
			runOnlyForDeploymentPostprocessing = 0;
		};
		BFBA4B5127BBD16B00E591E9 /* Resources */ = {
			isa = PBXResourcesBuildPhase;
			buildActionMask = 2147483647;
			files = (
			);
			runOnlyForDeploymentPostprocessing = 0;
		};
/* End PBXResourcesBuildPhase section */

/* Begin PBXSourcesBuildPhase section */
		BF2914FE2781924C00370C05 /* Sources */ = {
			isa = PBXSourcesBuildPhase;
			buildActionMask = 2147483647;
			files = (
				BF9963A427BA86DF00787A59 /* CoreDataHelpers.swift in Sources */,
				BFC95090279466BD0041CB80 /* RemoteFeeditem.swift in Sources */,
				BFFD823F27DE1267002B0F16 /* HTTPURLResponse.swift in Sources */,
				BF291537278193A500370C05 /* URLSessionHTTPClient.swift in Sources */,
				BF2915332781931400370C05 /* FeedItemsMapper.swift in Sources */,
				BFFD823527D9F693002B0F16 /* FeedImageViewModel.swift in Sources */,
				BF4859B327B2A34B00142C7F /* FeedCachePolicy.swift in Sources */,
				BFFD823C27DDF612002B0F16 /* RemoteFeedImageDataLoader.swift in Sources */,
				BF291531278192E500370C05 /* RemoteFeedLoader.swift in Sources */,
				BF99634A27B9413B00787A59 /* FeedStore.xcdatamodeld in Sources */,
				BFFD829F27E38FEB002B0F16 /* CoreDataFeedStore+FeedStore.swift in Sources */,
				BFC95092279466F80041CB80 /* LocalFeedImage.swift in Sources */,
				BFFD822A27D909AC002B0F16 /* FeedViewModel.swift in Sources */,
				BFC9508E27944F560041CB80 /* FeedStore.swift in Sources */,
				BFC9508C27944EBA0041CB80 /* LocalFeedLoader.swift in Sources */,
				BF2915352781939700370C05 /* HTTPClient.swift in Sources */,
				BFFD824627DE3F97002B0F16 /* FeedImageDataStore.swift in Sources */,
				BF00E17527EB63F00051F8F0 /* FeedImageDataCache.swift in Sources */,
				BF29152F278192D800370C05 /* FeedLoader.swift in Sources */,
				BFFD822727D908DE002B0F16 /* FeedPresenter.swift in Sources */,
				BF29152D278192D000370C05 /* FeedImage.swift in Sources */,
				BF9963A627BA875800787A59 /* ManagedCache.swift in Sources */,
				BF99634727B93F4F00787A59 /* CoreDataFeedStore.swift in Sources */,
				BFFD822E27D909DB002B0F16 /* FeedErrorViewModel.swift in Sources */,
				BFFD823627DB9C4A002B0F16 /* FeedImageDataLoader.swift in Sources */,
				BFFD822C27D909CB002B0F16 /* FeedLoadingViewModel.swift in Sources */,
				BFFD824827DE3FBB002B0F16 /* LocalFeedImageDataLoader.swift in Sources */,
				BFFD827E27E0DC1D002B0F16 /* CoreDataFeedStore+FeedImageDataLoader.swift in Sources */,
				BFFD823327D9F5C8002B0F16 /* FeedImagePresenter.swift in Sources */,
				BF1CD90627E73FB900B409DA /* FeedCache.swift in Sources */,
				BF9963A827BA878800787A59 /* ManagedFeedImage.swift in Sources */,
			);
			runOnlyForDeploymentPostprocessing = 0;
		};
		BF2915102781927400370C05 /* Sources */ = {
			isa = PBXSourcesBuildPhase;
			buildActionMask = 2147483647;
			files = (
				BFFD824E27DEADCA002B0F16 /* CoreDataFeedImageStoreTests.swift in Sources */,
				BFFD821D27D8FEF8002B0F16 /* FeedPresenterTests.swift in Sources */,
				BFFD824427DE14FC002B0F16 /* LoadFeedImageDataFromCacheUseCaseTests.swift in Sources */,
				BFFD824C27DE46D5002B0F16 /* CacheFeedImageDataUseCaseTests.swift in Sources */,
				BFFD823A27DDF5A3002B0F16 /* HTTPClientSpy.swift in Sources */,
				BF99634527B93ECC00787A59 /* CoreDataFeedStoreTests.swift in Sources */,
				BF4859AF27B1741D00142C7F /* FeedCacheTestHelpers.swift in Sources */,
				BF4859AD27B1703A00142C7F /* ValidateFeedCacheUseCaseTests.swift in Sources */,
				BFFD822F27D90C2B002B0F16 /* FeedLocalizationTests.swift in Sources */,
				BF2915172781927400370C05 /* LoadFeedFromRemoteUseCaseTests.swift in Sources */,
				BF2915392781941900370C05 /* URLSessionHTTPClientTests.swift in Sources */,
				BFFD823127D90D32002B0F16 /* FeedImagePresenterTests.swift in Sources */,
				BF5C7E1C27AFB6D10074C9DE /* FeedStoreSpy.swift in Sources */,
				BF4859B127B174CA00142C7F /* SharedTestHelpers.swift in Sources */,
				BFFD824A27DE4607002B0F16 /* FeedImageDataStoreSpy.swift in Sources */,
				BFFA4C042793D5FE00A7AE72 /* CacheFeedUseCaseTests.swift in Sources */,
				BF5C7E1927AFB55B0074C9DE /* LoadFeedFromCacheUseCaseTests.swift in Sources */,
				BFFD824227DE134A002B0F16 /* URLProtocolStub.swift in Sources */,
				BF99633F27B8E91600787A59 /* FeedStoreSpecs.swift in Sources */,
				BF29153C2781943700370C05 /* XCTestCase+MemoryLeakTracking.swift in Sources */,
				BFFD823827DB9CC7002B0F16 /* LoadFeedImageDataFromRemoteUseCaseTests.swift in Sources */,
				BF99634127B8E9A600787A59 /* XCTestCase+FeedStoreSpecs.swift in Sources */,
			);
			runOnlyForDeploymentPostprocessing = 0;
		};
		BF29151E2781928400370C05 /* Sources */ = {
			isa = PBXSourcesBuildPhase;
			buildActionMask = 2147483647;
			files = (
				BF2915252781928400370C05 /* EssentialFeedAPIEndToEndTests.swift in Sources */,
				BF29153D2781943F00370C05 /* XCTestCase+MemoryLeakTracking.swift in Sources */,
			);
			runOnlyForDeploymentPostprocessing = 0;
		};
		BF842DAB27C105970041C95F /* Sources */ = {
			isa = PBXSourcesBuildPhase;
			buildActionMask = 2147483647;
			files = (
				BF33FD8C28581E9400610CA3 /* UITableView+HeaderSizing.swift in Sources */,
				BFFD821527D8F9B5002B0F16 /* ErrorView.swift in Sources */,
				BFFD821A27D8FD01002B0F16 /* UIRefreshControl+Helpers.swift in Sources */,
				BF78E3B227CFAC86007B43BD /* UITableView+Dequeueing.swift in Sources */,
				BF842DD627C3C5840041C95F /* UIView+Shimmering.swift in Sources */,
				BF78E3B427CFAD96007B43BD /* UIImageView+Animations.swift in Sources */,
				BF842DD227C225270041C95F /* FeedViewController.swift in Sources */,
				BF842DD427C3A21D0041C95F /* FeedImageCell.swift in Sources */,
				BFEDDEF027C5245E0016AA1C /* FeedImageCellController.swift in Sources */,
			);
			runOnlyForDeploymentPostprocessing = 0;
		};
		BF842DB427C105980041C95F /* Sources */ = {
			isa = PBXSourcesBuildPhase;
			buildActionMask = 2147483647;
			files = (
				BF842DD027C21AF90041C95F /* XCTestCase+MemoryLeakTracking.swift in Sources */,
				BF33FD7F2857847800610CA3 /* FeedSnapshotTests.swift in Sources */,
				BF33FD8528581CE000610CA3 /* UIImage+TestHelpers.swift in Sources */,
			);
			runOnlyForDeploymentPostprocessing = 0;
		};
		BFBA4B4F27BBD16B00E591E9 /* Sources */ = {
			isa = PBXSourcesBuildPhase;
			buildActionMask = 2147483647;
			files = (
				BFBA4B5F27BBD6C300E591E9 /* SharedTestHelpers.swift in Sources */,
				BFBA4B5627BBD16B00E591E9 /* EssentialFeedCacheIntegrationTests.swift in Sources */,
				BFBA4B5E27BBD6B300E591E9 /* FeedCacheTestHelpers.swift in Sources */,
				BFBA4B5D27BBD45300E591E9 /* XCTestCase+MemoryLeakTracking.swift in Sources */,
			);
			runOnlyForDeploymentPostprocessing = 0;
		};
/* End PBXSourcesBuildPhase section */

/* Begin PBXTargetDependency section */
		BF29151A2781927400370C05 /* PBXTargetDependency */ = {
			isa = PBXTargetDependency;
			target = BF2915012781924C00370C05 /* EssentialFeed */;
			targetProxy = BF2915192781927400370C05 /* PBXContainerItemProxy */;
		};
		BF2915282781928400370C05 /* PBXTargetDependency */ = {
			isa = PBXTargetDependency;
			target = BF2915012781924C00370C05 /* EssentialFeed */;
			targetProxy = BF2915272781928400370C05 /* PBXContainerItemProxy */;
		};
		BF842DBB27C105980041C95F /* PBXTargetDependency */ = {
			isa = PBXTargetDependency;
			target = BF842DAE27C105970041C95F /* EssentialFeediOS */;
			targetProxy = BF842DBA27C105980041C95F /* PBXContainerItemProxy */;
		};
		BF842DCE27C21A130041C95F /* PBXTargetDependency */ = {
			isa = PBXTargetDependency;
			platformFilter = ios;
			target = BF2915012781924C00370C05 /* EssentialFeed */;
			targetProxy = BF842DCD27C21A130041C95F /* PBXContainerItemProxy */;
		};
		BFBA4B5927BBD16B00E591E9 /* PBXTargetDependency */ = {
			isa = PBXTargetDependency;
			target = BF2915012781924C00370C05 /* EssentialFeed */;
			targetProxy = BFBA4B5827BBD16B00E591E9 /* PBXContainerItemProxy */;
		};
/* End PBXTargetDependency section */

/* Begin PBXVariantGroup section */
		BFFD822227D9073B002B0F16 /* Feed.strings */ = {
			isa = PBXVariantGroup;
			children = (
				BFFD822127D9073B002B0F16 /* en */,
				BFFD822327D90740002B0F16 /* el */,
				BFFD822427D90741002B0F16 /* pt-BR */,
			);
			name = Feed.strings;
			sourceTree = "<group>";
		};
/* End PBXVariantGroup section */

/* Begin XCBuildConfiguration section */
		BF2915092781924C00370C05 /* Debug */ = {
			isa = XCBuildConfiguration;
			buildSettings = {
				ALWAYS_SEARCH_USER_PATHS = NO;
				CLANG_ANALYZER_LOCALIZABILITY_NONLOCALIZED = YES;
				CLANG_ANALYZER_NONNULL = YES;
				CLANG_ANALYZER_NUMBER_OBJECT_CONVERSION = YES_AGGRESSIVE;
				CLANG_CXX_LANGUAGE_STANDARD = "gnu++17";
				CLANG_CXX_LIBRARY = "libc++";
				CLANG_ENABLE_MODULES = YES;
				CLANG_ENABLE_OBJC_ARC = YES;
				CLANG_ENABLE_OBJC_WEAK = YES;
				CLANG_WARN_BLOCK_CAPTURE_AUTORELEASING = YES;
				CLANG_WARN_BOOL_CONVERSION = YES;
				CLANG_WARN_COMMA = YES;
				CLANG_WARN_CONSTANT_CONVERSION = YES;
				CLANG_WARN_DEPRECATED_OBJC_IMPLEMENTATIONS = YES;
				CLANG_WARN_DIRECT_OBJC_ISA_USAGE = YES_ERROR;
				CLANG_WARN_DOCUMENTATION_COMMENTS = YES;
				CLANG_WARN_EMPTY_BODY = YES;
				CLANG_WARN_ENUM_CONVERSION = YES;
				CLANG_WARN_INFINITE_RECURSION = YES;
				CLANG_WARN_INT_CONVERSION = YES;
				CLANG_WARN_NON_LITERAL_NULL_CONVERSION = YES;
				CLANG_WARN_OBJC_IMPLICIT_RETAIN_SELF = YES;
				CLANG_WARN_OBJC_LITERAL_CONVERSION = YES;
				CLANG_WARN_OBJC_ROOT_CLASS = YES_ERROR;
				CLANG_WARN_QUOTED_INCLUDE_IN_FRAMEWORK_HEADER = YES;
				CLANG_WARN_RANGE_LOOP_ANALYSIS = YES;
				CLANG_WARN_STRICT_PROTOTYPES = YES;
				CLANG_WARN_SUSPICIOUS_MOVE = YES;
				CLANG_WARN_UNGUARDED_AVAILABILITY = YES_AGGRESSIVE;
				CLANG_WARN_UNREACHABLE_CODE = YES;
				CLANG_WARN__DUPLICATE_METHOD_MATCH = YES;
				COPY_PHASE_STRIP = NO;
				CURRENT_PROJECT_VERSION = 1;
				DEBUG_INFORMATION_FORMAT = dwarf;
				DRIVERKIT_DEPLOYMENT_TARGET = 20.4;
				ENABLE_STRICT_OBJC_MSGSEND = YES;
				ENABLE_TESTABILITY = YES;
				GCC_C_LANGUAGE_STANDARD = gnu11;
				GCC_DYNAMIC_NO_PIC = NO;
				GCC_NO_COMMON_BLOCKS = YES;
				GCC_OPTIMIZATION_LEVEL = 0;
				GCC_PREPROCESSOR_DEFINITIONS = (
					"DEBUG=1",
					"$(inherited)",
				);
				GCC_WARN_64_TO_32_BIT_CONVERSION = YES;
				GCC_WARN_ABOUT_RETURN_TYPE = YES_ERROR;
				GCC_WARN_UNDECLARED_SELECTOR = YES;
				GCC_WARN_UNINITIALIZED_AUTOS = YES_AGGRESSIVE;
				GCC_WARN_UNUSED_FUNCTION = YES;
				GCC_WARN_UNUSED_VARIABLE = YES;
				IPHONEOS_DEPLOYMENT_TARGET = 15.0;
				MACOSX_DEPLOYMENT_TARGET = 10.13;
				MTL_ENABLE_DEBUG_INFO = INCLUDE_SOURCE;
				MTL_FAST_MATH = YES;
				ONLY_ACTIVE_ARCH = YES;
				SDKROOT = macosx;
				SWIFT_VERSION = 5.0;
				VERSIONING_SYSTEM = "apple-generic";
				VERSION_INFO_PREFIX = "";
			};
			name = Debug;
		};
		BF29150A2781924C00370C05 /* Release */ = {
			isa = XCBuildConfiguration;
			buildSettings = {
				ALWAYS_SEARCH_USER_PATHS = NO;
				CLANG_ANALYZER_LOCALIZABILITY_NONLOCALIZED = YES;
				CLANG_ANALYZER_NONNULL = YES;
				CLANG_ANALYZER_NUMBER_OBJECT_CONVERSION = YES_AGGRESSIVE;
				CLANG_CXX_LANGUAGE_STANDARD = "gnu++17";
				CLANG_CXX_LIBRARY = "libc++";
				CLANG_ENABLE_MODULES = YES;
				CLANG_ENABLE_OBJC_ARC = YES;
				CLANG_ENABLE_OBJC_WEAK = YES;
				CLANG_WARN_BLOCK_CAPTURE_AUTORELEASING = YES;
				CLANG_WARN_BOOL_CONVERSION = YES;
				CLANG_WARN_COMMA = YES;
				CLANG_WARN_CONSTANT_CONVERSION = YES;
				CLANG_WARN_DEPRECATED_OBJC_IMPLEMENTATIONS = YES;
				CLANG_WARN_DIRECT_OBJC_ISA_USAGE = YES_ERROR;
				CLANG_WARN_DOCUMENTATION_COMMENTS = YES;
				CLANG_WARN_EMPTY_BODY = YES;
				CLANG_WARN_ENUM_CONVERSION = YES;
				CLANG_WARN_INFINITE_RECURSION = YES;
				CLANG_WARN_INT_CONVERSION = YES;
				CLANG_WARN_NON_LITERAL_NULL_CONVERSION = YES;
				CLANG_WARN_OBJC_IMPLICIT_RETAIN_SELF = YES;
				CLANG_WARN_OBJC_LITERAL_CONVERSION = YES;
				CLANG_WARN_OBJC_ROOT_CLASS = YES_ERROR;
				CLANG_WARN_QUOTED_INCLUDE_IN_FRAMEWORK_HEADER = YES;
				CLANG_WARN_RANGE_LOOP_ANALYSIS = YES;
				CLANG_WARN_STRICT_PROTOTYPES = YES;
				CLANG_WARN_SUSPICIOUS_MOVE = YES;
				CLANG_WARN_UNGUARDED_AVAILABILITY = YES_AGGRESSIVE;
				CLANG_WARN_UNREACHABLE_CODE = YES;
				CLANG_WARN__DUPLICATE_METHOD_MATCH = YES;
				COPY_PHASE_STRIP = NO;
				CURRENT_PROJECT_VERSION = 1;
				DEBUG_INFORMATION_FORMAT = "dwarf-with-dsym";
				DRIVERKIT_DEPLOYMENT_TARGET = 20.4;
				ENABLE_NS_ASSERTIONS = NO;
				ENABLE_STRICT_OBJC_MSGSEND = YES;
				GCC_C_LANGUAGE_STANDARD = gnu11;
				GCC_NO_COMMON_BLOCKS = YES;
				GCC_WARN_64_TO_32_BIT_CONVERSION = YES;
				GCC_WARN_ABOUT_RETURN_TYPE = YES_ERROR;
				GCC_WARN_UNDECLARED_SELECTOR = YES;
				GCC_WARN_UNINITIALIZED_AUTOS = YES_AGGRESSIVE;
				GCC_WARN_UNUSED_FUNCTION = YES;
				GCC_WARN_UNUSED_VARIABLE = YES;
				IPHONEOS_DEPLOYMENT_TARGET = 15.0;
				MACOSX_DEPLOYMENT_TARGET = 10.13;
				MTL_ENABLE_DEBUG_INFO = NO;
				MTL_FAST_MATH = YES;
				SDKROOT = macosx;
				SWIFT_VERSION = 5.0;
				VERSIONING_SYSTEM = "apple-generic";
				VERSION_INFO_PREFIX = "";
			};
			name = Release;
		};
		BF29150C2781924C00370C05 /* Debug */ = {
			isa = XCBuildConfiguration;
			buildSettings = {
				CODE_SIGN_STYLE = Automatic;
				COMBINE_HIDPI_IMAGES = YES;
				CURRENT_PROJECT_VERSION = 1;
				DEFINES_MODULE = YES;
				DEVELOPMENT_TEAM = X7PX2RYRJL;
				DYLIB_COMPATIBILITY_VERSION = 1;
				DYLIB_CURRENT_VERSION = 1;
				DYLIB_INSTALL_NAME_BASE = "@rpath";
				GENERATE_INFOPLIST_FILE = YES;
				INFOPLIST_KEY_NSHumanReadableCopyright = "";
				INSTALL_PATH = "$(LOCAL_LIBRARY_DIR)/Frameworks";
				LD_RUNPATH_SEARCH_PATHS = (
					"$(inherited)",
					"@executable_path/../Frameworks",
					"@loader_path/Frameworks",
				);
				MARKETING_VERSION = 1.0;
				PRODUCT_BUNDLE_IDENTIFIER = co.codeturnal.EssentialFeed;
				PRODUCT_NAME = "$(TARGET_NAME:c99extidentifier)";
				RUN_CLANG_STATIC_ANALYZER = YES;
				SKIP_INSTALL = YES;
				SUPPORTED_PLATFORMS = "macosx iphoneos iphonesimulator";
				SWIFT_EMIT_LOC_STRINGS = YES;
			};
			name = Debug;
		};
		BF29150D2781924C00370C05 /* Release */ = {
			isa = XCBuildConfiguration;
			buildSettings = {
				CODE_SIGN_STYLE = Automatic;
				COMBINE_HIDPI_IMAGES = YES;
				CURRENT_PROJECT_VERSION = 1;
				DEFINES_MODULE = YES;
				DEVELOPMENT_TEAM = X7PX2RYRJL;
				DYLIB_COMPATIBILITY_VERSION = 1;
				DYLIB_CURRENT_VERSION = 1;
				DYLIB_INSTALL_NAME_BASE = "@rpath";
				GENERATE_INFOPLIST_FILE = YES;
				INFOPLIST_KEY_NSHumanReadableCopyright = "";
				INSTALL_PATH = "$(LOCAL_LIBRARY_DIR)/Frameworks";
				LD_RUNPATH_SEARCH_PATHS = (
					"$(inherited)",
					"@executable_path/../Frameworks",
					"@loader_path/Frameworks",
				);
				MARKETING_VERSION = 1.0;
				PRODUCT_BUNDLE_IDENTIFIER = co.codeturnal.EssentialFeed;
				PRODUCT_NAME = "$(TARGET_NAME:c99extidentifier)";
				RUN_CLANG_STATIC_ANALYZER = YES;
				SKIP_INSTALL = YES;
				SUPPORTED_PLATFORMS = "macosx iphoneos iphonesimulator";
				SWIFT_EMIT_LOC_STRINGS = YES;
			};
			name = Release;
		};
		BF29151C2781927400370C05 /* Debug */ = {
			isa = XCBuildConfiguration;
			buildSettings = {
				ALWAYS_EMBED_SWIFT_STANDARD_LIBRARIES = YES;
				CODE_SIGN_STYLE = Automatic;
				COMBINE_HIDPI_IMAGES = YES;
				CURRENT_PROJECT_VERSION = 1;
				DEVELOPMENT_TEAM = X7PX2RYRJL;
				GENERATE_INFOPLIST_FILE = YES;
				LD_RUNPATH_SEARCH_PATHS = (
					"$(inherited)",
					"@executable_path/../Frameworks",
					"@loader_path/../Frameworks",
				);
				MACOSX_DEPLOYMENT_TARGET = 11.3;
				MARKETING_VERSION = 1.0;
				PRODUCT_BUNDLE_IDENTIFIER = co.codeturnal.EssentialFeedTests;
				PRODUCT_NAME = "$(TARGET_NAME)";
				SDKROOT = macosx;
				SUPPORTED_PLATFORMS = "macosx iphoneos iphonesimulator";
				SWIFT_ACTIVE_COMPILATION_CONDITIONS = DEBUG;
				SWIFT_EMIT_LOC_STRINGS = NO;
				SWIFT_OPTIMIZATION_LEVEL = "-Onone";
				SWIFT_VERSION = 5.0;
			};
			name = Debug;
		};
		BF29151D2781927400370C05 /* Release */ = {
			isa = XCBuildConfiguration;
			buildSettings = {
				ALWAYS_EMBED_SWIFT_STANDARD_LIBRARIES = YES;
				CODE_SIGN_STYLE = Automatic;
				COMBINE_HIDPI_IMAGES = YES;
				CURRENT_PROJECT_VERSION = 1;
				DEVELOPMENT_TEAM = X7PX2RYRJL;
				GENERATE_INFOPLIST_FILE = YES;
				LD_RUNPATH_SEARCH_PATHS = (
					"$(inherited)",
					"@executable_path/../Frameworks",
					"@loader_path/../Frameworks",
				);
				MACOSX_DEPLOYMENT_TARGET = 11.3;
				MARKETING_VERSION = 1.0;
				PRODUCT_BUNDLE_IDENTIFIER = co.codeturnal.EssentialFeedTests;
				PRODUCT_NAME = "$(TARGET_NAME)";
				SDKROOT = macosx;
				SUPPORTED_PLATFORMS = "macosx iphoneos iphonesimulator";
				SWIFT_COMPILATION_MODE = wholemodule;
				SWIFT_EMIT_LOC_STRINGS = NO;
				SWIFT_OPTIMIZATION_LEVEL = "-O";
				SWIFT_VERSION = 5.0;
			};
			name = Release;
		};
		BF29152A2781928400370C05 /* Debug */ = {
			isa = XCBuildConfiguration;
			buildSettings = {
				ALWAYS_EMBED_SWIFT_STANDARD_LIBRARIES = YES;
				CODE_SIGN_STYLE = Automatic;
				COMBINE_HIDPI_IMAGES = YES;
				CURRENT_PROJECT_VERSION = 1;
				DEVELOPMENT_TEAM = X7PX2RYRJL;
				GENERATE_INFOPLIST_FILE = YES;
				LD_RUNPATH_SEARCH_PATHS = (
					"$(inherited)",
					"@executable_path/../Frameworks",
					"@loader_path/../Frameworks",
				);
				MACOSX_DEPLOYMENT_TARGET = 11.3;
				MARKETING_VERSION = 1.0;
				PRODUCT_BUNDLE_IDENTIFIER = co.codeturnal.EssentialFeedAPIEndToEndTests;
				PRODUCT_NAME = "$(TARGET_NAME)";
				SDKROOT = macosx;
				SUPPORTED_PLATFORMS = "macosx iphoneos iphonesimulator";
				SWIFT_ACTIVE_COMPILATION_CONDITIONS = DEBUG;
				SWIFT_EMIT_LOC_STRINGS = NO;
				SWIFT_OPTIMIZATION_LEVEL = "-Onone";
				SWIFT_VERSION = 5.0;
			};
			name = Debug;
		};
		BF29152B2781928400370C05 /* Release */ = {
			isa = XCBuildConfiguration;
			buildSettings = {
				ALWAYS_EMBED_SWIFT_STANDARD_LIBRARIES = YES;
				CODE_SIGN_STYLE = Automatic;
				COMBINE_HIDPI_IMAGES = YES;
				CURRENT_PROJECT_VERSION = 1;
				DEVELOPMENT_TEAM = X7PX2RYRJL;
				GENERATE_INFOPLIST_FILE = YES;
				LD_RUNPATH_SEARCH_PATHS = (
					"$(inherited)",
					"@executable_path/../Frameworks",
					"@loader_path/../Frameworks",
				);
				MACOSX_DEPLOYMENT_TARGET = 11.3;
				MARKETING_VERSION = 1.0;
				PRODUCT_BUNDLE_IDENTIFIER = co.codeturnal.EssentialFeedAPIEndToEndTests;
				PRODUCT_NAME = "$(TARGET_NAME)";
				SDKROOT = macosx;
				SUPPORTED_PLATFORMS = "macosx iphoneos iphonesimulator";
				SWIFT_COMPILATION_MODE = wholemodule;
				SWIFT_EMIT_LOC_STRINGS = NO;
				SWIFT_OPTIMIZATION_LEVEL = "-O";
				SWIFT_VERSION = 5.0;
			};
			name = Release;
		};
		BF842DC127C105980041C95F /* Debug */ = {
			isa = XCBuildConfiguration;
			buildSettings = {
				CLANG_ENABLE_MODULES = YES;
				CODE_SIGN_STYLE = Automatic;
				CURRENT_PROJECT_VERSION = 1;
				DEFINES_MODULE = YES;
				DEVELOPMENT_TEAM = X7PX2RYRJL;
				DYLIB_COMPATIBILITY_VERSION = 1;
				DYLIB_CURRENT_VERSION = 1;
				DYLIB_INSTALL_NAME_BASE = "@rpath";
				GENERATE_INFOPLIST_FILE = YES;
				INFOPLIST_KEY_NSHumanReadableCopyright = "";
				INSTALL_PATH = "$(LOCAL_LIBRARY_DIR)/Frameworks";
				IPHONEOS_DEPLOYMENT_TARGET = 15.0;
				LD_RUNPATH_SEARCH_PATHS = (
					"$(inherited)",
					"@executable_path/Frameworks",
					"@loader_path/Frameworks",
				);
				MARKETING_VERSION = 1.0;
				PRODUCT_BUNDLE_IDENTIFIER = id.co.codeturnal.EssentialFeediOS;
				PRODUCT_NAME = "$(TARGET_NAME:c99extidentifier)";
				SDKROOT = iphoneos;
				SKIP_INSTALL = YES;
				SWIFT_ACTIVE_COMPILATION_CONDITIONS = DEBUG;
				SWIFT_EMIT_LOC_STRINGS = YES;
				SWIFT_OPTIMIZATION_LEVEL = "-Onone";
				SWIFT_VERSION = 5.0;
				TARGETED_DEVICE_FAMILY = "1,2";
			};
			name = Debug;
		};
		BF842DC227C105980041C95F /* Release */ = {
			isa = XCBuildConfiguration;
			buildSettings = {
				CLANG_ENABLE_MODULES = YES;
				CODE_SIGN_STYLE = Automatic;
				CURRENT_PROJECT_VERSION = 1;
				DEFINES_MODULE = YES;
				DEVELOPMENT_TEAM = X7PX2RYRJL;
				DYLIB_COMPATIBILITY_VERSION = 1;
				DYLIB_CURRENT_VERSION = 1;
				DYLIB_INSTALL_NAME_BASE = "@rpath";
				GENERATE_INFOPLIST_FILE = YES;
				INFOPLIST_KEY_NSHumanReadableCopyright = "";
				INSTALL_PATH = "$(LOCAL_LIBRARY_DIR)/Frameworks";
				IPHONEOS_DEPLOYMENT_TARGET = 15.0;
				LD_RUNPATH_SEARCH_PATHS = (
					"$(inherited)",
					"@executable_path/Frameworks",
					"@loader_path/Frameworks",
				);
				MARKETING_VERSION = 1.0;
				PRODUCT_BUNDLE_IDENTIFIER = id.co.codeturnal.EssentialFeediOS;
				PRODUCT_NAME = "$(TARGET_NAME:c99extidentifier)";
				SDKROOT = iphoneos;
				SKIP_INSTALL = YES;
				SWIFT_COMPILATION_MODE = wholemodule;
				SWIFT_EMIT_LOC_STRINGS = YES;
				SWIFT_OPTIMIZATION_LEVEL = "-O";
				SWIFT_VERSION = 5.0;
				TARGETED_DEVICE_FAMILY = "1,2";
				VALIDATE_PRODUCT = YES;
			};
			name = Release;
		};
		BF842DC427C105980041C95F /* Debug */ = {
			isa = XCBuildConfiguration;
			buildSettings = {
				ALWAYS_EMBED_SWIFT_STANDARD_LIBRARIES = YES;
				CLANG_ENABLE_MODULES = YES;
				CODE_SIGN_STYLE = Automatic;
				CURRENT_PROJECT_VERSION = 1;
				DEVELOPMENT_TEAM = X7PX2RYRJL;
				GENERATE_INFOPLIST_FILE = YES;
				IPHONEOS_DEPLOYMENT_TARGET = 15.0;
				LD_RUNPATH_SEARCH_PATHS = (
					"$(inherited)",
					"@executable_path/Frameworks",
					"@loader_path/Frameworks",
				);
				MARKETING_VERSION = 1.0;
				PRODUCT_BUNDLE_IDENTIFIER = id.co.codeturnal.EssentialFeediOSTests;
				PRODUCT_NAME = "$(TARGET_NAME)";
				SDKROOT = iphoneos;
				SWIFT_ACTIVE_COMPILATION_CONDITIONS = DEBUG;
				SWIFT_EMIT_LOC_STRINGS = NO;
				SWIFT_OPTIMIZATION_LEVEL = "-Onone";
				SWIFT_VERSION = 5.0;
				TARGETED_DEVICE_FAMILY = "1,2";
			};
			name = Debug;
		};
		BF842DC527C105980041C95F /* Release */ = {
			isa = XCBuildConfiguration;
			buildSettings = {
				ALWAYS_EMBED_SWIFT_STANDARD_LIBRARIES = YES;
				CLANG_ENABLE_MODULES = YES;
				CODE_SIGN_STYLE = Automatic;
				CURRENT_PROJECT_VERSION = 1;
				DEVELOPMENT_TEAM = X7PX2RYRJL;
				GENERATE_INFOPLIST_FILE = YES;
				IPHONEOS_DEPLOYMENT_TARGET = 15.0;
				LD_RUNPATH_SEARCH_PATHS = (
					"$(inherited)",
					"@executable_path/Frameworks",
					"@loader_path/Frameworks",
				);
				MARKETING_VERSION = 1.0;
				PRODUCT_BUNDLE_IDENTIFIER = id.co.codeturnal.EssentialFeediOSTests;
				PRODUCT_NAME = "$(TARGET_NAME)";
				SDKROOT = iphoneos;
				SWIFT_COMPILATION_MODE = wholemodule;
				SWIFT_EMIT_LOC_STRINGS = NO;
				SWIFT_OPTIMIZATION_LEVEL = "-O";
				SWIFT_VERSION = 5.0;
				TARGETED_DEVICE_FAMILY = "1,2";
				VALIDATE_PRODUCT = YES;
			};
			name = Release;
		};
		BFBA4B5A27BBD16B00E591E9 /* Debug */ = {
			isa = XCBuildConfiguration;
			buildSettings = {
				CODE_SIGN_STYLE = Automatic;
				COMBINE_HIDPI_IMAGES = YES;
				CURRENT_PROJECT_VERSION = 1;
				DEVELOPMENT_TEAM = X7PX2RYRJL;
				GENERATE_INFOPLIST_FILE = YES;
				LD_RUNPATH_SEARCH_PATHS = (
					"$(inherited)",
					"@executable_path/../Frameworks",
					"@loader_path/../Frameworks",
				);
				MACOSX_DEPLOYMENT_TARGET = 11.3;
				MARKETING_VERSION = 1.0;
				PRODUCT_BUNDLE_IDENTIFIER = id.co.codeturnal.EssentialFeedCacheIntegrationTests;
				PRODUCT_NAME = "$(TARGET_NAME)";
				SUPPORTED_PLATFORMS = "macosx iphoneos iphonesimulator";
				SWIFT_ACTIVE_COMPILATION_CONDITIONS = DEBUG;
				SWIFT_EMIT_LOC_STRINGS = NO;
				SWIFT_OPTIMIZATION_LEVEL = "-Onone";
				SWIFT_VERSION = 5.0;
			};
			name = Debug;
		};
		BFBA4B5B27BBD16B00E591E9 /* Release */ = {
			isa = XCBuildConfiguration;
			buildSettings = {
				CODE_SIGN_STYLE = Automatic;
				COMBINE_HIDPI_IMAGES = YES;
				CURRENT_PROJECT_VERSION = 1;
				DEVELOPMENT_TEAM = X7PX2RYRJL;
				GENERATE_INFOPLIST_FILE = YES;
				LD_RUNPATH_SEARCH_PATHS = (
					"$(inherited)",
					"@executable_path/../Frameworks",
					"@loader_path/../Frameworks",
				);
				MACOSX_DEPLOYMENT_TARGET = 11.3;
				MARKETING_VERSION = 1.0;
				PRODUCT_BUNDLE_IDENTIFIER = id.co.codeturnal.EssentialFeedCacheIntegrationTests;
				PRODUCT_NAME = "$(TARGET_NAME)";
				SUPPORTED_PLATFORMS = "macosx iphoneos iphonesimulator";
				SWIFT_COMPILATION_MODE = wholemodule;
				SWIFT_EMIT_LOC_STRINGS = NO;
				SWIFT_OPTIMIZATION_LEVEL = "-O";
				SWIFT_VERSION = 5.0;
			};
			name = Release;
		};
/* End XCBuildConfiguration section */

/* Begin XCConfigurationList section */
		BF2914FC2781924C00370C05 /* Build configuration list for PBXProject "EssentialFeed" */ = {
			isa = XCConfigurationList;
			buildConfigurations = (
				BF2915092781924C00370C05 /* Debug */,
				BF29150A2781924C00370C05 /* Release */,
			);
			defaultConfigurationIsVisible = 0;
			defaultConfigurationName = Release;
		};
		BF29150B2781924C00370C05 /* Build configuration list for PBXNativeTarget "EssentialFeed" */ = {
			isa = XCConfigurationList;
			buildConfigurations = (
				BF29150C2781924C00370C05 /* Debug */,
				BF29150D2781924C00370C05 /* Release */,
			);
			defaultConfigurationIsVisible = 0;
			defaultConfigurationName = Release;
		};
		BF29151B2781927400370C05 /* Build configuration list for PBXNativeTarget "EssentialFeedTests" */ = {
			isa = XCConfigurationList;
			buildConfigurations = (
				BF29151C2781927400370C05 /* Debug */,
				BF29151D2781927400370C05 /* Release */,
			);
			defaultConfigurationIsVisible = 0;
			defaultConfigurationName = Release;
		};
		BF2915292781928400370C05 /* Build configuration list for PBXNativeTarget "EssentialFeedAPIEndToEndTests" */ = {
			isa = XCConfigurationList;
			buildConfigurations = (
				BF29152A2781928400370C05 /* Debug */,
				BF29152B2781928400370C05 /* Release */,
			);
			defaultConfigurationIsVisible = 0;
			defaultConfigurationName = Release;
		};
		BF842DC027C105980041C95F /* Build configuration list for PBXNativeTarget "EssentialFeediOS" */ = {
			isa = XCConfigurationList;
			buildConfigurations = (
				BF842DC127C105980041C95F /* Debug */,
				BF842DC227C105980041C95F /* Release */,
			);
			defaultConfigurationIsVisible = 0;
			defaultConfigurationName = Release;
		};
		BF842DC327C105980041C95F /* Build configuration list for PBXNativeTarget "EssentialFeediOSTests" */ = {
			isa = XCConfigurationList;
			buildConfigurations = (
				BF842DC427C105980041C95F /* Debug */,
				BF842DC527C105980041C95F /* Release */,
			);
			defaultConfigurationIsVisible = 0;
			defaultConfigurationName = Release;
		};
		BFBA4B5C27BBD16B00E591E9 /* Build configuration list for PBXNativeTarget "EssentialFeedCacheIntegrationTests" */ = {
			isa = XCConfigurationList;
			buildConfigurations = (
				BFBA4B5A27BBD16B00E591E9 /* Debug */,
				BFBA4B5B27BBD16B00E591E9 /* Release */,
			);
			defaultConfigurationIsVisible = 0;
			defaultConfigurationName = Release;
		};
/* End XCConfigurationList section */

/* Begin XCVersionGroup section */
		BF99634827B9413B00787A59 /* FeedStore.xcdatamodeld */ = {
			isa = XCVersionGroup;
			children = (
				BFFD827C27E0DA9C002B0F16 /* FeedStore2.xcdatamodel */,
				BF99634927B9413B00787A59 /* FeedStore.xcdatamodel */,
			);
			currentVersion = BFFD827C27E0DA9C002B0F16 /* FeedStore2.xcdatamodel */;
			path = FeedStore.xcdatamodeld;
			sourceTree = "<group>";
			versionGroupType = wrapper.xcdatamodel;
		};
/* End XCVersionGroup section */
	};
	rootObject = BF2914F92781924C00370C05 /* Project object */;
}
